lockfileVersion: '9.0'

settings:
  autoInstallPeers: true
  excludeLinksFromLockfile: false

importers:

  .:
    dependencies:
      '@tsparticles/all':
        specifier: ^3.6.0
        version: 3.6.0
      '@tsparticles/engine':
        specifier: ^3.6.0
        version: 3.6.0
      '@webcomponents/webcomponentsjs':
        specifier: ^2.8.0
        version: 2.8.0
      modern-normalize:
        specifier: ^2.0.0
        version: 2.0.0
      resize-observer-polyfill:
        specifier: ^1.5.1
        version: 1.5.1
      simplebar:
        specifier: ^6.2.7
        version: 6.2.7
    devDependencies:
      vite:
        specifier: ^5.4.11
        version: 5.4.11

packages:

  '@esbuild/aix-ppc64@0.21.5':
    resolution: {integrity: sha512-1SDgH6ZSPTlggy1yI6+Dbkiz8xzpHJEVAlF/AM1tHPLsf5STom9rwtjE4hKAF20FfXXNTFqEYXyJNWh1GiZedQ==}
    engines: {node: '>=12'}
    cpu: [ppc64]
    os: [aix]

  '@esbuild/android-arm64@0.21.5':
    resolution: {integrity: sha512-c0uX9VAUBQ7dTDCjq+wdyGLowMdtR/GoC2U5IYk/7D1H1JYC0qseD7+11iMP2mRLN9RcCMRcjC4YMclCzGwS/A==}
    engines: {node: '>=12'}
    cpu: [arm64]
    os: [android]

  '@esbuild/android-arm@0.21.5':
    resolution: {integrity: sha512-vCPvzSjpPHEi1siZdlvAlsPxXl7WbOVUBBAowWug4rJHb68Ox8KualB+1ocNvT5fjv6wpkX6o/iEpbDrf68zcg==}
    engines: {node: '>=12'}
    cpu: [arm]
    os: [android]

  '@esbuild/android-x64@0.21.5':
    resolution: {integrity: sha512-D7aPRUUNHRBwHxzxRvp856rjUHRFW1SdQATKXH2hqA0kAZb1hKmi02OpYRacl0TxIGz/ZmXWlbZgjwWYaCakTA==}
    engines: {node: '>=12'}
    cpu: [x64]
    os: [android]

  '@esbuild/darwin-arm64@0.21.5':
    resolution: {integrity: sha512-DwqXqZyuk5AiWWf3UfLiRDJ5EDd49zg6O9wclZ7kUMv2WRFr4HKjXp/5t8JZ11QbQfUS6/cRCKGwYhtNAY88kQ==}
    engines: {node: '>=12'}
    cpu: [arm64]
    os: [darwin]

  '@esbuild/darwin-x64@0.21.5':
    resolution: {integrity: sha512-se/JjF8NlmKVG4kNIuyWMV/22ZaerB+qaSi5MdrXtd6R08kvs2qCN4C09miupktDitvh8jRFflwGFBQcxZRjbw==}
    engines: {node: '>=12'}
    cpu: [x64]
    os: [darwin]

  '@esbuild/freebsd-arm64@0.21.5':
    resolution: {integrity: sha512-5JcRxxRDUJLX8JXp/wcBCy3pENnCgBR9bN6JsY4OmhfUtIHe3ZW0mawA7+RDAcMLrMIZaf03NlQiX9DGyB8h4g==}
    engines: {node: '>=12'}
    cpu: [arm64]
    os: [freebsd]

  '@esbuild/freebsd-x64@0.21.5':
    resolution: {integrity: sha512-J95kNBj1zkbMXtHVH29bBriQygMXqoVQOQYA+ISs0/2l3T9/kj42ow2mpqerRBxDJnmkUDCaQT/dfNXWX/ZZCQ==}
    engines: {node: '>=12'}
    cpu: [x64]
    os: [freebsd]

  '@esbuild/linux-arm64@0.21.5':
    resolution: {integrity: sha512-ibKvmyYzKsBeX8d8I7MH/TMfWDXBF3db4qM6sy+7re0YXya+K1cem3on9XgdT2EQGMu4hQyZhan7TeQ8XkGp4Q==}
    engines: {node: '>=12'}
    cpu: [arm64]
    os: [linux]

  '@esbuild/linux-arm@0.21.5':
    resolution: {integrity: sha512-bPb5AHZtbeNGjCKVZ9UGqGwo8EUu4cLq68E95A53KlxAPRmUyYv2D6F0uUI65XisGOL1hBP5mTronbgo+0bFcA==}
    engines: {node: '>=12'}
    cpu: [arm]
    os: [linux]

  '@esbuild/linux-ia32@0.21.5':
    resolution: {integrity: sha512-YvjXDqLRqPDl2dvRODYmmhz4rPeVKYvppfGYKSNGdyZkA01046pLWyRKKI3ax8fbJoK5QbxblURkwK/MWY18Tg==}
    engines: {node: '>=12'}
    cpu: [ia32]
    os: [linux]

  '@esbuild/linux-loong64@0.21.5':
    resolution: {integrity: sha512-uHf1BmMG8qEvzdrzAqg2SIG/02+4/DHB6a9Kbya0XDvwDEKCoC8ZRWI5JJvNdUjtciBGFQ5PuBlpEOXQj+JQSg==}
    engines: {node: '>=12'}
    cpu: [loong64]
    os: [linux]

  '@esbuild/linux-mips64el@0.21.5':
    resolution: {integrity: sha512-IajOmO+KJK23bj52dFSNCMsz1QP1DqM6cwLUv3W1QwyxkyIWecfafnI555fvSGqEKwjMXVLokcV5ygHW5b3Jbg==}
    engines: {node: '>=12'}
    cpu: [mips64el]
    os: [linux]

  '@esbuild/linux-ppc64@0.21.5':
    resolution: {integrity: sha512-1hHV/Z4OEfMwpLO8rp7CvlhBDnjsC3CttJXIhBi+5Aj5r+MBvy4egg7wCbe//hSsT+RvDAG7s81tAvpL2XAE4w==}
    engines: {node: '>=12'}
    cpu: [ppc64]
    os: [linux]

  '@esbuild/linux-riscv64@0.21.5':
    resolution: {integrity: sha512-2HdXDMd9GMgTGrPWnJzP2ALSokE/0O5HhTUvWIbD3YdjME8JwvSCnNGBnTThKGEB91OZhzrJ4qIIxk/SBmyDDA==}
    engines: {node: '>=12'}
    cpu: [riscv64]
    os: [linux]

  '@esbuild/linux-s390x@0.21.5':
    resolution: {integrity: sha512-zus5sxzqBJD3eXxwvjN1yQkRepANgxE9lgOW2qLnmr8ikMTphkjgXu1HR01K4FJg8h1kEEDAqDcZQtbrRnB41A==}
    engines: {node: '>=12'}
    cpu: [s390x]
    os: [linux]

  '@esbuild/linux-x64@0.21.5':
    resolution: {integrity: sha512-1rYdTpyv03iycF1+BhzrzQJCdOuAOtaqHTWJZCWvijKD2N5Xu0TtVC8/+1faWqcP9iBCWOmjmhoH94dH82BxPQ==}
    engines: {node: '>=12'}
    cpu: [x64]
    os: [linux]

  '@esbuild/netbsd-x64@0.21.5':
    resolution: {integrity: sha512-Woi2MXzXjMULccIwMnLciyZH4nCIMpWQAs049KEeMvOcNADVxo0UBIQPfSmxB3CWKedngg7sWZdLvLczpe0tLg==}
    engines: {node: '>=12'}
    cpu: [x64]
    os: [netbsd]

  '@esbuild/openbsd-x64@0.21.5':
    resolution: {integrity: sha512-HLNNw99xsvx12lFBUwoT8EVCsSvRNDVxNpjZ7bPn947b8gJPzeHWyNVhFsaerc0n3TsbOINvRP2byTZ5LKezow==}
    engines: {node: '>=12'}
    cpu: [x64]
    os: [openbsd]

  '@esbuild/sunos-x64@0.21.5':
    resolution: {integrity: sha512-6+gjmFpfy0BHU5Tpptkuh8+uw3mnrvgs+dSPQXQOv3ekbordwnzTVEb4qnIvQcYXq6gzkyTnoZ9dZG+D4garKg==}
    engines: {node: '>=12'}
    cpu: [x64]
    os: [sunos]

  '@esbuild/win32-arm64@0.21.5':
    resolution: {integrity: sha512-Z0gOTd75VvXqyq7nsl93zwahcTROgqvuAcYDUr+vOv8uHhNSKROyU961kgtCD1e95IqPKSQKH7tBTslnS3tA8A==}
    engines: {node: '>=12'}
    cpu: [arm64]
    os: [win32]

  '@esbuild/win32-ia32@0.21.5':
    resolution: {integrity: sha512-SWXFF1CL2RVNMaVs+BBClwtfZSvDgtL//G/smwAc5oVK/UPu2Gu9tIaRgFmYFFKrmg3SyAjSrElf0TiJ1v8fYA==}
    engines: {node: '>=12'}
    cpu: [ia32]
    os: [win32]

  '@esbuild/win32-x64@0.21.5':
    resolution: {integrity: sha512-tQd/1efJuzPC6rCFwEvLtci/xNFcTZknmXs98FYDfGE4wP9ClFV98nyKrzJKVPMhdDnjzLhdUyMX4PsQAPjwIw==}
    engines: {node: '>=12'}
    cpu: [x64]
    os: [win32]

  '@rollup/rollup-android-arm-eabi@4.27.3':
    resolution: {integrity: sha512-EzxVSkIvCFxUd4Mgm4xR9YXrcp976qVaHnqom/Tgm+vU79k4vV4eYTjmRvGfeoW8m9LVcsAy/lGjcgVegKEhLQ==}
    cpu: [arm]
    os: [android]

  '@rollup/rollup-android-arm64@4.27.3':
    resolution: {integrity: sha512-LJc5pDf1wjlt9o/Giaw9Ofl+k/vLUaYsE2zeQGH85giX2F+wn/Cg8b3c5CDP3qmVmeO5NzwVUzQQxwZvC2eQKw==}
    cpu: [arm64]
    os: [android]

  '@rollup/rollup-darwin-arm64@4.27.3':
    resolution: {integrity: sha512-OuRysZ1Mt7wpWJ+aYKblVbJWtVn3Cy52h8nLuNSzTqSesYw1EuN6wKp5NW/4eSre3mp12gqFRXOKTcN3AI3LqA==}
    cpu: [arm64]
    os: [darwin]

  '@rollup/rollup-darwin-x64@4.27.3':
    resolution: {integrity: sha512-xW//zjJMlJs2sOrCmXdB4d0uiilZsOdlGQIC/jjmMWT47lkLLoB1nsNhPUcnoqyi5YR6I4h+FjBpILxbEy8JRg==}
    cpu: [x64]
    os: [darwin]

  '@rollup/rollup-freebsd-arm64@4.27.3':
    resolution: {integrity: sha512-58E0tIcwZ+12nK1WiLzHOD8I0d0kdrY/+o7yFVPRHuVGY3twBwzwDdTIBGRxLmyjciMYl1B/U515GJy+yn46qw==}
    cpu: [arm64]
    os: [freebsd]

  '@rollup/rollup-freebsd-x64@4.27.3':
    resolution: {integrity: sha512-78fohrpcVwTLxg1ZzBMlwEimoAJmY6B+5TsyAZ3Vok7YabRBUvjYTsRXPTjGEvv/mfgVBepbW28OlMEz4w8wGA==}
    cpu: [x64]
    os: [freebsd]

  '@rollup/rollup-linux-arm-gnueabihf@4.27.3':
    resolution: {integrity: sha512-h2Ay79YFXyQi+QZKo3ISZDyKaVD7uUvukEHTOft7kh00WF9mxAaxZsNs3o/eukbeKuH35jBvQqrT61fzKfAB/Q==}
    cpu: [arm]
    os: [linux]

  '@rollup/rollup-linux-arm-musleabihf@4.27.3':
    resolution: {integrity: sha512-Sv2GWmrJfRY57urktVLQ0VKZjNZGogVtASAgosDZ1aUB+ykPxSi3X1nWORL5Jk0sTIIwQiPH7iE3BMi9zGWfkg==}
    cpu: [arm]
    os: [linux]

  '@rollup/rollup-linux-arm64-gnu@4.27.3':
    resolution: {integrity: sha512-FPoJBLsPW2bDNWjSrwNuTPUt30VnfM8GPGRoLCYKZpPx0xiIEdFip3dH6CqgoT0RnoGXptaNziM0WlKgBc+OWQ==}
    cpu: [arm64]
    os: [linux]

  '@rollup/rollup-linux-arm64-musl@4.27.3':
    resolution: {integrity: sha512-TKxiOvBorYq4sUpA0JT+Fkh+l+G9DScnG5Dqx7wiiqVMiRSkzTclP35pE6eQQYjP4Gc8yEkJGea6rz4qyWhp3g==}
    cpu: [arm64]
    os: [linux]

  '@rollup/rollup-linux-powerpc64le-gnu@4.27.3':
    resolution: {integrity: sha512-v2M/mPvVUKVOKITa0oCFksnQQ/TqGrT+yD0184/cWHIu0LoIuYHwox0Pm3ccXEz8cEQDLk6FPKd1CCm+PlsISw==}
    cpu: [ppc64]
    os: [linux]

  '@rollup/rollup-linux-riscv64-gnu@4.27.3':
    resolution: {integrity: sha512-LdrI4Yocb1a/tFVkzmOE5WyYRgEBOyEhWYJe4gsDWDiwnjYKjNs7PS6SGlTDB7maOHF4kxevsuNBl2iOcj3b4A==}
    cpu: [riscv64]
    os: [linux]

  '@rollup/rollup-linux-s390x-gnu@4.27.3':
    resolution: {integrity: sha512-d4wVu6SXij/jyiwPvI6C4KxdGzuZOvJ6y9VfrcleHTwo68fl8vZC5ZYHsCVPUi4tndCfMlFniWgwonQ5CUpQcA==}
    cpu: [s390x]
    os: [linux]

  '@rollup/rollup-linux-x64-gnu@4.27.3':
    resolution: {integrity: sha512-/6bn6pp1fsCGEY5n3yajmzZQAh+mW4QPItbiWxs69zskBzJuheb3tNynEjL+mKOsUSFK11X4LYF2BwwXnzWleA==}
    cpu: [x64]
    os: [linux]

  '@rollup/rollup-linux-x64-musl@4.27.3':
    resolution: {integrity: sha512-nBXOfJds8OzUT1qUreT/en3eyOXd2EH5b0wr2bVB5999qHdGKkzGzIyKYaKj02lXk6wpN71ltLIaQpu58YFBoQ==}
    cpu: [x64]
    os: [linux]

  '@rollup/rollup-win32-arm64-msvc@4.27.3':
    resolution: {integrity: sha512-ogfbEVQgIZOz5WPWXF2HVb6En+kWzScuxJo/WdQTqEgeyGkaa2ui5sQav9Zkr7bnNCLK48uxmmK0TySm22eiuw==}
    cpu: [arm64]
    os: [win32]

  '@rollup/rollup-win32-ia32-msvc@4.27.3':
    resolution: {integrity: sha512-ecE36ZBMLINqiTtSNQ1vzWc5pXLQHlf/oqGp/bSbi7iedcjcNb6QbCBNG73Euyy2C+l/fn8qKWEwxr+0SSfs3w==}
    cpu: [ia32]
    os: [win32]

  '@rollup/rollup-win32-x64-msvc@4.27.3':
    resolution: {integrity: sha512-vliZLrDmYKyaUoMzEbMTg2JkerfBjn03KmAw9CykO0Zzkzoyd7o3iZNam/TpyWNjNT+Cz2iO3P9Smv2wgrR+Eg==}
    cpu: [x64]
    os: [win32]

  '@tsparticles/all@3.6.0':
    resolution: {integrity: sha512-dPZMG92XC3S247CUkM9svmtdbEmkq18i/GsmHtNZ8PC3h1i8pFjqTB+Yu2g9ngQ78SoHWNbx+7OuL0//0bEBFg==}

  '@tsparticles/basic@3.6.0':
    resolution: {integrity: sha512-VWSOTCURUFumvSkxm0ol2ZZ5zCJjwppnHKwt1I6TYRQ2PFUBVJsCpiuEHDWvIAGl6/ZQxgrVBBi+J3+J+edMqQ==}

  '@tsparticles/effect-bubble@3.6.0':
    resolution: {integrity: sha512-qkDpy7JiyFOwjE+On+72WAT83CDY0dCeKfLWqoy8qh2f2D2av8S67/BY4tU/qPO+1XB4LEo6NXC3MzRxYHbEFA==}

  '@tsparticles/effect-trail@3.6.0':
    resolution: {integrity: sha512-4kys3eKLkGPn9Az/AZSVNV1t3YCn1+caomWkIXlb5Q4Ja05ddZ/FgEsdhbdlhj1LJSYoQ4MjwMD3BV9XO+lEDQ==}

  '@tsparticles/engine@3.6.0':
    resolution: {integrity: sha512-iDBD0ZTTtoI5WwZkcjAgMVP2oCK2GkNgO7/Eipsfb8ZWKxtD/niGI14ynVQ31sBzp/weARwTxc4BTpbMeQHCGg==}

  '@tsparticles/interaction-external-attract@3.6.0':
    resolution: {integrity: sha512-Dz3ekytC8yW8jm8vbFVGolOqf5nUmD+xU8Cj9SuiXwgvfvYOCEHguhnTlloHvw8Cxi/DDSskKvHU3xtSG3QacQ==}

  '@tsparticles/interaction-external-bounce@3.6.0':
    resolution: {integrity: sha512-ukuKINpiIx4iO8CBtwvwMWpb1le5fXbP/YtDdcbHpUwya4NvcllSsr+5NEE+0uMjepblVGwvApfua70lLwMlKg==}

  '@tsparticles/interaction-external-bubble@3.6.0':
    resolution: {integrity: sha512-cIPTy04HScuITwC4lnadElqNEwryP9Q+G1Jy9tGrcbBPIf5PUG9iF7mM9MImXhrPzxBPf39YCQxKdmWoxHlxig==}

  '@tsparticles/interaction-external-connect@3.6.0':
    resolution: {integrity: sha512-G5Ynn4Crn7dICnAKDHXR2be5ApLPOD048jL4PWU4oe69di0uSnQaiIvCdDsX+ljQZKOxzLsqqOFvvjLoN2uDvw==}

  '@tsparticles/interaction-external-grab@3.6.0':
    resolution: {integrity: sha512-cpMC1BrAkM4rYf4qrwCNMt1ryFDW7B1TaMBAUS9tFv2iaNSio23mRI0js+0UFzhfJEf/ZRKhamM0pubEv95Ujg==}

  '@tsparticles/interaction-external-particle@3.6.0':
    resolution: {integrity: sha512-Vbh47u6sKagtPM7mn3SSzdd8j74uIXr4CB2lZsuelA2dcAEGCM5vMWXwVEsGgzGb8QPpBDrblSAW51IIgfyL9A==}

  '@tsparticles/interaction-external-pause@3.6.0':
    resolution: {integrity: sha512-57cIXv+o31xjPCspw+RxDAyn/zsuCY3M3XNGnrLMDZFXO9bRFG6z8DFqQJgr+Boy452bC2w1H/OLsJUe1Jd7Cw==}

  '@tsparticles/interaction-external-pop@3.6.0':
    resolution: {integrity: sha512-5dKZpHZoke0AFMQpjyLt0x1z5CuzR6JxPqbi9sxxRd6NVON95Zy6MYUW9G2bxCVrVkBoxtvE9HItlHc6icxMVQ==}

  '@tsparticles/interaction-external-push@3.6.0':
    resolution: {integrity: sha512-ILILrHLz/rGXlaCa2lTkCKTAUghX3BdWxMCQawoJ1SNSTE8nxnBH+/sMSt/wpd3pp2yUuPsknpdOvJtcqah/xQ==}

  '@tsparticles/interaction-external-remove@3.6.0':
    resolution: {integrity: sha512-5LvQdu+AAmOs9Vyb7fL9JxXL09ZBi5JiWhhz4I1QWVSZloOeA85ZR/BCraRRunbgT/LNktET2NZsNudg/LGgPw==}

  '@tsparticles/interaction-external-repulse@3.6.0':
    resolution: {integrity: sha512-v4jVUV8yz0RWCb9yS1FOgor8ksfb9MhtXvqCgJuIf0vWbux8+BIwWrfomAv8bVajrP0KDxXCjpK6O0Yxp4MHfw==}

  '@tsparticles/interaction-external-slow@3.6.0':
    resolution: {integrity: sha512-ZehG+0/Gm7qT6H3sdhkBOkD8o+dnQo8gdsSc5bNSacmP8JHVyak+1chrft54O5UYTYjbxJJPm0k/e2vwO57k6w==}

  '@tsparticles/interaction-external-trail@3.6.0':
    resolution: {integrity: sha512-Z9RPrl4tyjkQm8rOYqN79G1FQJdnV7uqcs2LDyNaYRuSojGsTfpwqqH9BANXkK8A2Jj2IbpLC0blBgdglRtnOg==}

  '@tsparticles/interaction-light@3.6.0':
    resolution: {integrity: sha512-C8GQSwlgTg17JV/OIzlZUFeAnHL+g4CRFZFfTN0GtsOrMyE0ov1q2Xrwe4muz0KyvxJouiYB4O67s4H6+j5aOg==}

  '@tsparticles/interaction-particles-attract@3.6.0':
    resolution: {integrity: sha512-LeurBClyTa4LySQv8Xc+FSyCQErbc8UaF0GaGXvc0/pqJtKDyGaDDxTLYgphz/WXMeGlVenSmx/bNBGX8lcGCA==}

  '@tsparticles/interaction-particles-collisions@3.6.0':
    resolution: {integrity: sha512-bfrL9TNE6huPTm9ZBE5Q+txiteDNZWWDaSwMberQAQZbUqMMwrUFib88QuMdh5kl5Tk2q+/PSAJ24ZzCUmhmKA==}

  '@tsparticles/interaction-particles-links@3.6.0':
    resolution: {integrity: sha512-AXHwWsu88lQoE0sf4YX6CisTNu54cNI6d8fE+psxhxbx/H9tmeVjI4qcziKyWAweWxjTSfx+RYk1NsRVRamVVw==}

  '@tsparticles/interaction-particles-repulse@3.6.0':
    resolution: {integrity: sha512-urMV36IjFCqpc/VEc3vc6+T/yOlBgu13mghvozE+dY4ewHSb6tJMwr7T5ym/0SAYmaQreceV+LFhx6+kiU9BwQ==}

  '@tsparticles/move-base@3.6.0':
    resolution: {integrity: sha512-g32LGNcTyNekwTJL0UD9pgTImdysRMxiRii7d+KDdzNMjv/OIiWK7Ar069TVtEtmKnXaiVCUmCX4vcTJzflDKA==}

  '@tsparticles/move-parallax@3.6.0':
    resolution: {integrity: sha512-akvJKearGWDPBTxKLPGk8zBVKSfmQiUgdlMOWPj7Pg0vNAr/oVZ6emzr1B35oS6SyUjqPesiEV15ukVQkQhFsA==}

  '@tsparticles/path-curl-noise@3.6.0':
    resolution: {integrity: sha512-bakfKJ1S1mgPmNlZM//qMpUxIM5UIBMr3hRmVCH8eQXNRm8pKAVOnYRpUIHRg1GQihfoo97/akHyxHJGxzAS4Q==}

  '@tsparticles/path-curves@3.6.0':
    resolution: {integrity: sha512-b//ZiySqWIeOOX6xQz9hYp7Aw+1UyP/f5Ce0JnlTk3X+6LqPuKN0YGWQjUWVWZl109rEknnNIfqUJxyM89Ex4w==}

  '@tsparticles/path-perlin-noise@3.6.0':
    resolution: {integrity: sha512-Z5oCjqDwiff8lpWt9FXLnE8W70d3qH4bemed7vlZXpMA36q4vVPfKuaFMjKagwVCePPHk1ZJwid0/nJcJfUUow==}

  '@tsparticles/path-polygon@3.6.0':
    resolution: {integrity: sha512-XymptJIeidezDOS6gHe17HaQ5kYgK/FUTEqxOlsNfy2UPx166ZSuG5kRn1zKs6NZzagw5TafXNz/1praV95Wiw==}

  '@tsparticles/path-simplex-noise@3.6.0':
    resolution: {integrity: sha512-XCJegplh2tZLBUFmJm0E/Cocpo4clwta3zaPgwTGjxREY8g+g3JpFz6ZxSf+33snC5XFNGS8xWAjg7z6MjpcbA==}

  '@tsparticles/path-svg@3.6.0':
    resolution: {integrity: sha512-7lik8F9YwuVh3lgzA6X8tlhwHjY0SDpoR8xfnJo3DYX55N2t+XHU5mhO/bNg6DdBaax/Yb12BJNL0GARR6qrNA==}

  '@tsparticles/path-zig-zag@3.6.0':
    resolution: {integrity: sha512-CC7KJVV9E4tR8WhuTN01kBIbb4YzU/rkpdAAiI+qTNbMQswrE7IA7whnkt+OR7tzo0xVpUhOmgvmqyX0VZJq0Q==}

  '@tsparticles/perlin-noise@3.6.0':
    resolution: {integrity: sha512-o+V0wjVpNySvGV7kWC2DWyS8mFgMWniQg+jnRkx//S0GMO9o3gTeGmEunOTaEi5CflYxwcZPwPfR3cq60qjFMA==}

  '@tsparticles/pjs@3.6.0':
    resolution: {integrity: sha512-XQfQrSUUyftj8yXCz4CV0fhaizCEqeinJNYgIKg3DXdEZv4sm5XQD4g3fCR8x4XpiXM66Cx9dEgTHIEMPol+xg==}

  '@tsparticles/plugin-absorbers@3.6.0':
    resolution: {integrity: sha512-FPgVHUnZOlL7+LIfyqW883eDNR5PBYrREXUL9X8l576vUKAmS49jsAFfsoFVnfFm8q2MCPYzL5FGc37zpIQN9Q==}

  '@tsparticles/plugin-canvas-mask@3.6.0':
    resolution: {integrity: sha512-zk+7/Gr3P5sHOuWvROY9afo8RGBFqxChzlil9I/KIUrbhcbE0JL4VSPAVH/H6yai6d4koNKGlQYDxqXeObwGAQ==}

  '@tsparticles/plugin-easing-back@3.6.0':
    resolution: {integrity: sha512-JfcQz6pcn7VtJOecO5n4sZOnNucIYhJUQXoJe4lzNJ8ilSyagKKoSipQzhjSrQaVh/Rim1MjUFCcgdS93OxtdA==}

  '@tsparticles/plugin-easing-circ@3.6.0':
    resolution: {integrity: sha512-4U8E3j2j+1kxer2o+ow74B/24WJiJ3v0yA0ZeuVegyfTBh30tLwOangDAxw0re6ZcrtC8p5Vjgw6nUYbAsvrIA==}

  '@tsparticles/plugin-easing-cubic@3.6.0':
    resolution: {integrity: sha512-EUiGIL/gEpPyU9AkvC1r5FXG3RXnc0FVOHAOp1DbibUDU3n5n89YUU1R87sfJ/B/OiDFHGe1KfeJAisN1lK2FA==}

  '@tsparticles/plugin-easing-expo@3.6.0':
    resolution: {integrity: sha512-gJ0j+5aTanHo8Ov6QF3sWYRDgikF02ewkGznbdG2w2g/Vdv6pLwm5k0AbgzTUTl9J0UZdwQpkPbnNEEE8bBf3A==}

  '@tsparticles/plugin-easing-linear@3.6.0':
    resolution: {integrity: sha512-fnPnZjlBULkkmluI2EFwYF/LyfG+3qoo1QP/uEB+NCvdMmddulpTM65SSdVxR37pgl/aqaRAFrz/1BRL+ceqzA==}

  '@tsparticles/plugin-easing-quad@3.6.0':
    resolution: {integrity: sha512-bCGM+MrvjhB4Xy4kIR7mabGXFt/dD/jxFfjNBX9D241HEkXTgpKviEtY1zjMzOSiYpFmOFISl2CdumQoylda4Q==}

  '@tsparticles/plugin-easing-quart@3.6.0':
    resolution: {integrity: sha512-lWs0Dhdsprh7XQ7cwTD7fD2ap4VkHW0YO+E7d0hu+PmN2hj6JEpl6aGPJWfWSo1qiInlgpBRIFSsOPzAJGGM3w==}

  '@tsparticles/plugin-easing-quint@3.6.0':
    resolution: {integrity: sha512-GCBmwqo9PuPtuedG6JoJTWyFACmTsCwICltambYWUO7vq3QvYU+FDpu9vpay5afJDRSpOefvjAmpLVV6AsZkxw==}

  '@tsparticles/plugin-easing-sine@3.6.0':
    resolution: {integrity: sha512-t3MgblnHmEirUIlD5Zc86l0xmd04kghmx8aBLpK34lpXEVKiWncvPYo1YildmSNPDPljZ9jFLAN9YDkz7yWu4A==}

  '@tsparticles/plugin-emitters-shape-canvas@3.6.0':
    resolution: {integrity: sha512-H9b/X+b4qxeH0nHNscCAcaHhY3UQOFYrOWfFLCh1BqWY+mV5o4k6RKXMrpKRmTxhWXt1i8rDYnR95z160gWf4A==}

  '@tsparticles/plugin-emitters-shape-circle@3.6.0':
    resolution: {integrity: sha512-xgOT5T5cP9N8i5prrWhl6InCDzNLs32B6cF1/y8woPPOu8X2i/BV94lv1lvVFLu0ua/BIFfaO1btW3m9vQOzwQ==}

  '@tsparticles/plugin-emitters-shape-path@3.6.0':
    resolution: {integrity: sha512-xJKwPdb1AgPYl7Rx5w+ecFg+1Lt5p5J+jk1b+oeMP56ntFDqrZdsFg+nbUH10LKxTCLlVhBLigh+OSME2zgMTQ==}

  '@tsparticles/plugin-emitters-shape-polygon@3.6.0':
    resolution: {integrity: sha512-VeBfQOpw1YQjfmTmR35skZbitIS7ybT53NomMOlGATOGahsQuhT5i26xIZoo6Rpq0rn7cm4xglmynTvjxeVcGg==}

  '@tsparticles/plugin-emitters-shape-square@3.6.0':
    resolution: {integrity: sha512-k+lZ/CO3ASzELg2mxc3mHEjoaFU2IKo3jpOGdz3iVOtSlkQoc1qPjHeqQFxj2wS8O97VquHx9EwmoZsKl6iFlQ==}

  '@tsparticles/plugin-emitters@3.6.0':
    resolution: {integrity: sha512-+nzyAPniZJszozKoImMC88IYObujATL5ZmqJlgrx68eaLcwohUmHttWpaC+olMAHcPWx+bLRROSpbu6LSkiu4A==}

  '@tsparticles/plugin-export-image@3.6.0':
    resolution: {integrity: sha512-j51OhwDoaR08bkhXXXw16Xa+8rFAuIQjqzt5Jf03+CxmYdVXu6pEh3302BvYxgigKKI5xL16F4rb3xtPiWmC4Q==}

  '@tsparticles/plugin-export-json@3.6.0':
    resolution: {integrity: sha512-oFyHQKaTJsnBTsw29+CQzx7YGX2dRztLlzVelZFNFov441WQ196GCJMCaCTSuQhCY7RkPTAlWuAuV851sWuLwg==}

  '@tsparticles/plugin-export-video@3.6.0':
    resolution: {integrity: sha512-JtJqspZP6opnW1WXk+G296CLm2IwajXgC22dCwDGdKiwW/1wDXI6we52hpwzwk711Ux6Yog0gwfwdKhQqNQlvg==}

  '@tsparticles/plugin-hsv-color@3.6.0':
    resolution: {integrity: sha512-SHR4OYkS5eaYyfldVYCDsTxMIKfmqyo5d+iIBsKUbLNhgjwndUE3X0wVEK4jS+o3azDf4K4nJv3hbWnWI63qjg==}

  '@tsparticles/plugin-infection@3.6.0':
    resolution: {integrity: sha512-bjEQjSBReYZPmHZ25IShFmthlXgZe9WGJqkw4KYM7n4cmazm4QqhTWCuG1/ja9SH6rNtBYudmXvmOeevvOIlQg==}

  '@tsparticles/plugin-motion@3.6.0':
    resolution: {integrity: sha512-Df4MmDDM4Rpd8/w9FnAI7Y6TeS0c4S7+wg1q4VXPWrSeLH6EhYAPE8WcoTUYRMi/OHPVt45SWpyyH3b8WIFLKA==}

  '@tsparticles/plugin-oklch-color@3.6.0':
    resolution: {integrity: sha512-keuExoZbnwUEpwu0rBZGoKmPewE5oEs/QMx7duPGi3cgbMnOxSjIoD0hF5MSCigPuSD85OsohqJ2bazZQ8trQA==}

  '@tsparticles/plugin-poisson-disc@3.6.0':
    resolution: {integrity: sha512-g9lV+fCYVk6WL6DH3QiM0O0S9hBf8sj/5Xi9xAi8DRnCQK5ZbpiQQPf/D80L4N+g33R3nWODzq1rnPukPmXPXg==}

  '@tsparticles/plugin-polygon-mask@3.6.0':
    resolution: {integrity: sha512-uoyzQKzFG6DTystJPBWqs8OQzbsrGwEjs68XzFLdBUFXsmUA9K+Dyjrx+bRLmMiKJP9v6ktCzknc386XfkQRAg==}

  '@tsparticles/plugin-sounds@3.6.0':
    resolution: {integrity: sha512-mQJZqagV6YEHyUvb+lpn6/WdQzVsnyR2sSRKFcK67dl5ibNlKBbaUPcj5xlQvtFU/t/e6k77fiiZqxa1VG8UEQ==}

  '@tsparticles/shape-arrow@3.6.0':
    resolution: {integrity: sha512-eY4FJCTobSExCYUwmjjf4BdrC7fHbQEOyy+isxfJ8RpuOipQnnBlF3/NK4+RztJaGHo7f9v/F785ziQauFE4zg==}

  '@tsparticles/shape-cards@3.6.0':
    resolution: {integrity: sha512-pw8vBCvpk2FiB4WDVDYHI/nyZA/xVt5ddj2S916KygUIOyxZlHNqc/qs5tUMSCm7H2jk2G+w/Eh50rZXQs6YnA==}

  '@tsparticles/shape-circle@3.6.0':
    resolution: {integrity: sha512-kOnoKMgK72TD5R179PoblVFX1V7Xy63Bhg8zHEowtZo839SkHygmyBFl1U1o1oz3Ff/5dr1is4qZGJD/6HweQg==}

  '@tsparticles/shape-cog@3.6.0':
    resolution: {integrity: sha512-4dveb15h3ODPV6LVFI/KPiXlqxDD0YP19BvxbaIYeAYqjBxH+b6FHkfXu+6FjpPXCBxbBz+doFUAcAbcXqYQ0A==}

  '@tsparticles/shape-emoji@3.6.0':
    resolution: {integrity: sha512-i3KtxMzlwR7hLipiWjISiGBMCdY+Nx4k2clZsu1LMHS3okpk7yYkO0JkDUIQ8ZPUXQi7M07h42PkY0oyNuc36Q==}

  '@tsparticles/shape-heart@3.6.0':
    resolution: {integrity: sha512-KJYpDUWc8RHcS9/JBdc+jU1PpB9/95RM9rB34IPsVGIoTod3cBcz94nU153u6oxT5sMFVKsmeramyH61rRxBfQ==}

  '@tsparticles/shape-image@3.6.0':
    resolution: {integrity: sha512-m1hW7AFjBsD/SJ3CbiH7QKIted6KOxXaNKXnnkBQpRWKPI9XayYB5NeWBhhxCD4vWynaLpGJT/xiba15ih9COA==}

  '@tsparticles/shape-infinity@3.6.0':
    resolution: {integrity: sha512-3QtfomMOtoT9cf/eQOiohuwfk2e3efXlmyBvNN6xL7xZfmnDEbLSEOF7wcXWmQPDp9TEZMWf+6wFLKPJlgT+AA==}

  '@tsparticles/shape-line@3.6.0':
    resolution: {integrity: sha512-fGWDsLAwPk8Z9SXUcWVCXD+m4cPWW0s2uuPi5fTD5ypp08J/RjwuZA2l/AGgIWaUrMXCWI5wgD8aXHKnF25rBg==}

  '@tsparticles/shape-path@3.6.0':
    resolution: {integrity: sha512-ls2NFqQFeXTpk+EgVI265U1KEF/xpixpaNB3nBdZUIbMq2Rn/H+6JoyamDXss01UiLC3uEKg0EJZa+jT64x9Sg==}

  '@tsparticles/shape-polygon@3.6.0':
    resolution: {integrity: sha512-ubxw2XPY3pAphSR2Aq9lOzq60kG09QY0YxAMkxjFp6/3aeLopm9EondIVOb4LsdTUn12thvCtlxuqpt8cjl3Xg==}

  '@tsparticles/shape-rounded-polygon@3.6.0':
    resolution: {integrity: sha512-eb7Spgvzq5cYARcPuP450NYhm1l845hdjWrsQ40VE2qIjEYeZYthJTjVs455wkK0OsTVR1ig5RdI7PBp5+8aUg==}

  '@tsparticles/shape-rounded-rect@3.6.0':
    resolution: {integrity: sha512-MfK1bZplaxsi0/mJ6b2JHFYm1+jyAMTXwR1HOzjajIGoVG/JIhKyRXdjZYmvOFvNh18Oj6feEvOwZDrhGblMlw==}

  '@tsparticles/shape-spiral@3.6.0':
    resolution: {integrity: sha512-JcfNlw0CV0ln20vaBB4QPD5uV48oQyGDfAw5UNXNlnE/C6kcQAyAXYvB+3GPYB6j7l9F54y+Aea9FkER7H1vNg==}

  '@tsparticles/shape-square@3.6.0':
    resolution: {integrity: sha512-HSkxmRnlk+N67lm5hgctjLWdaEAAd/XAVXoCD0z6Jtn58Yj/UbmvKqN3n+YXmZGO3dOrKKfJy5mpDJoOo/yHKQ==}

  '@tsparticles/shape-star@3.6.0':
    resolution: {integrity: sha512-4UOtrqUgcn8isFbeb58r21HBQubmU84W9R/NwU6rKAB+lmYhmLZMmT5pslRDolYgpSBfugncI2CMPmRFqdKicA==}

  '@tsparticles/shape-text@3.6.0':
    resolution: {integrity: sha512-i2pYeNEeeUHfsxCXCe4wjJjlYGxY9UbyU28cswxcmNIoGdgNKZAZrsTAvgxWy3qENvrooR5mjDLJIa2ZsuVNDQ==}

  '@tsparticles/simplex-noise@3.6.0':
    resolution: {integrity: sha512-JhdBTNeWVc+OCmTk87fQQxh3TuuetzomM2EWU5jukSszOpWZoFFVuRte3y3V3bN4JtkcfnVC+omhXR9c25upgQ==}

  '@tsparticles/slim@3.6.0':
    resolution: {integrity: sha512-qXEPcBFOM2PF2s5cnmoJEW/7bOasFJkMZlNwCHGh8OgL8l2kPvlWUADli32i/pK6g+pXDqFWOERITko4p2BDAQ==}

  '@tsparticles/updater-color@3.6.0':
    resolution: {integrity: sha512-P0Ub1vuA8B9CU2ocRuHTM44vFsYA1cqOrdl/YehAeNsIA1N31jUdiRUYDIrQKj+9I+XbL4eyPf/P94eJIMCfMw==}

  '@tsparticles/updater-destroy@3.6.0':
    resolution: {integrity: sha512-KtIlC1DQjXyHx9P/tYIUL5o0EOSTkQywIhUbf/+3cVapggPtMDLWzSixWL0dacNZE7fadbVFEqRtJ8x4eD3NKQ==}

  '@tsparticles/updater-gradient@3.6.0':
    resolution: {integrity: sha512-HmAsbk+jghhjLAPt04epZFkWq6aQK0VCdtw0yBDU9ZtS7OMxxeLAJreKOteXRYpJoG5RNqz/LkIxni2+V1H3zw==}

  '@tsparticles/updater-life@3.6.0':
    resolution: {integrity: sha512-srpgYazcd9jH2r3po/Y21ZB+E9fN6N+va9KrLlO52scfA+vh5B8v5/em427O+ZeM2FIJHflkOMfEP3a3fxzpEA==}

  '@tsparticles/updater-opacity@3.6.0':
    resolution: {integrity: sha512-qlXfEvYrxy/PQwGKkucu5yHA7GEq6cV4SNAyzON1udbwBu3HKeLjUa0xBEyufpZlwnokg45Vtof0C4WrGSgX2w==}

  '@tsparticles/updater-orbit@3.6.0':
    resolution: {integrity: sha512-DBtANUCoS9S0GQDl63i8uujVnFaRARY9M24XFI2aj3hgd1xo/XFQtHHRovirZQShaSCV6Ax7ruq2M6zTgyr22Q==}

  '@tsparticles/updater-out-modes@3.6.0':
    resolution: {integrity: sha512-ohwKYPw8n4rva+Nm7vXRRA7OUMsSF0xvpXX+rrJ28qUoAjaYntDX/jekPbWiUO1u+0yBdYSqgcKHgO6zUMcYdA==}

  '@tsparticles/updater-roll@3.6.0':
    resolution: {integrity: sha512-1yhF+MjqYLnapt+NyPiQLWu/jWlBbVIsz9tOsRiiygcwkoNZI6CV9S0Wh5Fjtqn62iy+Cw8MflbMHFSzXK6iEQ==}

  '@tsparticles/updater-rotate@3.6.0':
    resolution: {integrity: sha512-E9S2mZ6Qr6p8xyMqo6WEj9Ixqi7W5OYppd16SfR/bjgUkcZSVHabhpVyEoBFbhsnJn/6rFfmE6i+RPpza7OhcA==}

  '@tsparticles/updater-size@3.6.0':
    resolution: {integrity: sha512-XzDC6F6FNBv4PoG1SgQ7wMQuAhjzRwwZetTR8ayUaCBk2cjhhruT4YaLmMBpSyrzVjRdvZ+FOyljejUkCT8R3g==}

  '@tsparticles/updater-stroke-color@3.6.0':
    resolution: {integrity: sha512-0l1LlWRX6kaXpmi3206gb+SpwHQtsZ0hAjuoDWQBi4B1OGDclxBaTLhrTZG3M41z7MdoMyvW7OgOmITbpc5GQw==}

  '@tsparticles/updater-tilt@3.6.0':
    resolution: {integrity: sha512-LzYy25KjV6xt0Nx/J3mJ+ry5Pr9zWkiOuth2d8khLu08OQSMxY2iApZggb0wnqk6+tUxJ0+49nCfiX6RMjDJ/A==}

  '@tsparticles/updater-twinkle@3.6.0':
    resolution: {integrity: sha512-2PEprskgZQp1bNcypAvg16A+AW9CLThrVEXMS9j/VpJg0RTeaWpe4GzwahQCKkNubJDNzjJKKUkfJ+LxMxgyZg==}

  '@tsparticles/updater-wobble@3.6.0':
    resolution: {integrity: sha512-eD/DSuuVfG4jo6LTCJTakgwo5iuqdz/yw9ChhaYr15WCTxNt/2iTfld9gtLKVb/09un+dD5OWV9mN0oiqs/2Ow==}

  '@types/estree@1.0.6':
    resolution: {integrity: sha512-AYnb1nQyY49te+VRAVgmzfcgjYS91mY5P0TKUDCLEM+gNnA+3T6rWITXRLYCpahpqSQbN5cE+gHpnPyXjHWxcw==}

  '@types/lodash-es@4.17.12':
    resolution: {integrity: sha512-0NgftHUcV4v34VhXm8QBSftKVXtbkBG3ViCjs6+eJ5a6y6Mi/jiFGPc1sC7QK+9BFhWrURE3EOggmWaSxL9OzQ==}

  '@types/lodash@4.17.13':
    resolution: {integrity: sha512-lfx+dftrEZcdBPczf9d0Qv0x+j/rfNCMuC6OcfXmO8gkfeNAY88PgKUbvG56whcN23gc27yenwF6oJZXGFpYxg==}

  '@webcomponents/webcomponentsjs@2.8.0':
    resolution: {integrity: sha512-loGD63sacRzOzSJgQnB9ZAhaQGkN7wl2Zuw7tsphI5Isa0irijrRo6EnJii/GgjGefIFO8AIO7UivzRhFaEk9w==}

  can-use-dom@0.1.0:
    resolution: {integrity: sha512-ceOhN1DL7Y4O6M0j9ICgmTYziV89WMd96SvSl0REd8PMgrY0B/WBOPoed5S1KUmJqXgUXh8gzSe6E3ae27upsQ==}

  esbuild@0.21.5:
    resolution: {integrity: sha512-mg3OPMV4hXywwpoDxu3Qda5xCKQi+vCTZq8S9J/EpkhB2HzKXq4SNFZE3+NK93JYxc8VMSep+lOUSC/RVKaBqw==}
    engines: {node: '>=12'}
    hasBin: true

  fsevents@2.3.3:
    resolution: {integrity: sha512-5xoDfX+fL7faATnagmWPpbFtwh/R77WmMMqqHGS65C3vvB0YHrgF+B1YmZ3441tMj5n63k0212XNoJwzlhffQw==}
    engines: {node: ^8.16.0 || ^10.6.0 || >=11.0.0}
    os: [darwin]

  lodash-es@4.17.21:
    resolution: {integrity: sha512-mKnC+QJ9pWVzv+C4/U3rRsHapFfHvQFoFB92e52xeyGMcX6/OlIl78je1u8vePzYZSkkogMPJ2yjxxsb89cxyw==}

  lodash@4.17.21:
    resolution: {integrity: sha512-v2kDEe57lecTulaDIuNTPy3Ry4gLGJ6Z1O3vE1krgXZNrsQ+LFTGHVxVjcXPs17LhbZVGedAJv8XZ1tvj5FvSg==}

  modern-normalize@2.0.0:
    resolution: {integrity: sha512-CxBoEVKh5U4DH3XuNbc5ONLF6dQBc8dSc7pdZ1957FGbIO5JBqGqqchhET9dTexri8/pk9xBL6+5ceOtCIp1QA==}
    engines: {node: '>=6'}

  nanoid@3.3.7:
    resolution: {integrity: sha512-eSRppjcPIatRIMC1U6UngP8XFcz8MQWGQdt1MTBQ7NaAmvXDfvNxbvWV3x2y6CdEUciCSsDHDQZbhYaB8QEo2g==}
    engines: {node: ^10 || ^12 || ^13.7 || ^14 || >=15.0.1}
    hasBin: true

  picocolors@1.1.1:
    resolution: {integrity: sha512-xceH2snhtb5M9liqDsmEw56le376mTZkEX/jEb/RxNFyegNul7eNslCXP9FDj/Lcu0X8KEyMceP2ntpaHrDEVA==}

  postcss@8.4.49:
    resolution: {integrity: sha512-OCVPnIObs4N29kxTjzLfUryOkvZEq+pf8jTF0lg8E7uETuWHA+v7j3c/xJmiqpX450191LlmZfUKkXxkTry7nA==}
    engines: {node: ^10 || ^12 || >=14}

  resize-observer-polyfill@1.5.1:
    resolution: {integrity: sha512-LwZrotdHOo12nQuZlHEmtuXdqGoOD0OhaxopaNFxWzInpEgaLWoVuAMbTzixuosCx2nEG58ngzW3vxdWoxIgdg==}

  rollup@4.27.3:
    resolution: {integrity: sha512-SLsCOnlmGt9VoZ9Ek8yBK8tAdmPHeppkw+Xa7yDlCEhDTvwYei03JlWo1fdc7YTfLZ4tD8riJCUyAgTbszk1fQ==}
    engines: {node: '>=18.0.0', npm: '>=8.0.0'}
    hasBin: true

  simplebar-core@1.2.6:
    resolution: {integrity: sha512-H5NYU+O+uvqOH5VXw3+lgoc1vTI6jL8LOZJsw4xgRpV7uIPjRpmLPdz0TrouxwKHBhpVLzVIlyKhaRLelIThMw==}

  simplebar@6.2.7:
    resolution: {integrity: sha512-IdD6HwZLz4f83lG0yN5r/3Mts4qR+pKAc9IjVdtJ96Ow6IqSA+jG2PlniQ710XUygal/mOA774IgAvcoirUP4g==}

  source-map-js@1.2.1:
    resolution: {integrity: sha512-UXWMKhLOwVKb728IUtQPXxfYU+usdybtUrK/8uGE8CQMvrhOpwvzDBwj0QhSL7MQc7vIsISBG8VQ8+IDQxpfQA==}
    engines: {node: '>=0.10.0'}

  tsparticles@3.6.0:
    resolution: {integrity: sha512-Rn5MEgooQtFSqUOmBtwFYsStUeldv+8cJ0TTeHT5xKb4B3VnyU3ic1bw9ueTP19UNnBIIzs0jfdrC5Utfpo6JA==}

  vite@5.4.11:
    resolution: {integrity: sha512-c7jFQRklXua0mTzneGW9QVyxFjUgwcihC4bXEtujIo2ouWCe1Ajt/amn2PCxYnhYfd5k09JX3SB7OYWFKYqj8Q==}
    engines: {node: ^18.0.0 || >=20.0.0}
    hasBin: true
    peerDependencies:
      '@types/node': ^18.0.0 || >=20.0.0
      less: '*'
      lightningcss: ^1.21.0
      sass: '*'
      sass-embedded: '*'
      stylus: '*'
      sugarss: '*'
      terser: ^5.4.0
    peerDependenciesMeta:
      '@types/node':
        optional: true
      less:
        optional: true
      lightningcss:
        optional: true
      sass:
        optional: true
      sass-embedded:
        optional: true
      stylus:
        optional: true
      sugarss:
        optional: true
      terser:
        optional: true

snapshots:

  '@esbuild/aix-ppc64@0.21.5':
    optional: true

  '@esbuild/android-arm64@0.21.5':
    optional: true

  '@esbuild/android-arm@0.21.5':
    optional: true

  '@esbuild/android-x64@0.21.5':
    optional: true

  '@esbuild/darwin-arm64@0.21.5':
    optional: true

  '@esbuild/darwin-x64@0.21.5':
    optional: true

  '@esbuild/freebsd-arm64@0.21.5':
    optional: true

  '@esbuild/freebsd-x64@0.21.5':
    optional: true

  '@esbuild/linux-arm64@0.21.5':
    optional: true

  '@esbuild/linux-arm@0.21.5':
    optional: true

  '@esbuild/linux-ia32@0.21.5':
    optional: true

  '@esbuild/linux-loong64@0.21.5':
    optional: true

  '@esbuild/linux-mips64el@0.21.5':
    optional: true

  '@esbuild/linux-ppc64@0.21.5':
    optional: true

  '@esbuild/linux-riscv64@0.21.5':
    optional: true

  '@esbuild/linux-s390x@0.21.5':
    optional: true

  '@esbuild/linux-x64@0.21.5':
    optional: true

  '@esbuild/netbsd-x64@0.21.5':
    optional: true

  '@esbuild/openbsd-x64@0.21.5':
    optional: true

  '@esbuild/sunos-x64@0.21.5':
    optional: true

  '@esbuild/win32-arm64@0.21.5':
    optional: true

  '@esbuild/win32-ia32@0.21.5':
    optional: true

  '@esbuild/win32-x64@0.21.5':
    optional: true

  '@rollup/rollup-android-arm-eabi@4.27.3':
    optional: true

  '@rollup/rollup-android-arm64@4.27.3':
    optional: true

  '@rollup/rollup-darwin-arm64@4.27.3':
    optional: true

  '@rollup/rollup-darwin-x64@4.27.3':
    optional: true

  '@rollup/rollup-freebsd-arm64@4.27.3':
    optional: true

  '@rollup/rollup-freebsd-x64@4.27.3':
    optional: true

  '@rollup/rollup-linux-arm-gnueabihf@4.27.3':
    optional: true

  '@rollup/rollup-linux-arm-musleabihf@4.27.3':
    optional: true

  '@rollup/rollup-linux-arm64-gnu@4.27.3':
    optional: true

  '@rollup/rollup-linux-arm64-musl@4.27.3':
    optional: true

  '@rollup/rollup-linux-powerpc64le-gnu@4.27.3':
    optional: true

  '@rollup/rollup-linux-riscv64-gnu@4.27.3':
    optional: true

  '@rollup/rollup-linux-s390x-gnu@4.27.3':
    optional: true

  '@rollup/rollup-linux-x64-gnu@4.27.3':
    optional: true

  '@rollup/rollup-linux-x64-musl@4.27.3':
    optional: true

  '@rollup/rollup-win32-arm64-msvc@4.27.3':
    optional: true

  '@rollup/rollup-win32-ia32-msvc@4.27.3':
    optional: true

  '@rollup/rollup-win32-x64-msvc@4.27.3':
    optional: true

  '@tsparticles/all@3.6.0':
    dependencies:
      '@tsparticles/effect-bubble': 3.6.0
      '@tsparticles/effect-trail': 3.6.0
      '@tsparticles/engine': 3.6.0
      '@tsparticles/interaction-external-particle': 3.6.0
      '@tsparticles/interaction-external-pop': 3.6.0
      '@tsparticles/interaction-light': 3.6.0
      '@tsparticles/interaction-particles-repulse': 3.6.0
      '@tsparticles/path-curl-noise': 3.6.0
      '@tsparticles/path-curves': 3.6.0
      '@tsparticles/path-perlin-noise': 3.6.0
      '@tsparticles/path-polygon': 3.6.0
      '@tsparticles/path-simplex-noise': 3.6.0
      '@tsparticles/path-svg': 3.6.0
      '@tsparticles/path-zig-zag': 3.6.0
      '@tsparticles/pjs': 3.6.0
      '@tsparticles/plugin-canvas-mask': 3.6.0
      '@tsparticles/plugin-easing-back': 3.6.0
      '@tsparticles/plugin-easing-circ': 3.6.0
      '@tsparticles/plugin-easing-cubic': 3.6.0
      '@tsparticles/plugin-easing-expo': 3.6.0
      '@tsparticles/plugin-easing-linear': 3.6.0
      '@tsparticles/plugin-easing-quart': 3.6.0
      '@tsparticles/plugin-easing-quint': 3.6.0
      '@tsparticles/plugin-easing-sine': 3.6.0
      '@tsparticles/plugin-emitters-shape-canvas': 3.6.0
      '@tsparticles/plugin-emitters-shape-path': 3.6.0
      '@tsparticles/plugin-emitters-shape-polygon': 3.6.0
      '@tsparticles/plugin-export-image': 3.6.0
      '@tsparticles/plugin-export-json': 3.6.0
      '@tsparticles/plugin-export-video': 3.6.0
      '@tsparticles/plugin-hsv-color': 3.6.0
      '@tsparticles/plugin-infection': 3.6.0
      '@tsparticles/plugin-motion': 3.6.0
      '@tsparticles/plugin-oklch-color': 3.6.0
      '@tsparticles/plugin-poisson-disc': 3.6.0
      '@tsparticles/plugin-polygon-mask': 3.6.0
      '@tsparticles/plugin-sounds': 3.6.0
      '@tsparticles/shape-arrow': 3.6.0
      '@tsparticles/shape-cards': 3.6.0
      '@tsparticles/shape-cog': 3.6.0
      '@tsparticles/shape-heart': 3.6.0
      '@tsparticles/shape-infinity': 3.6.0
      '@tsparticles/shape-path': 3.6.0
      '@tsparticles/shape-rounded-polygon': 3.6.0
      '@tsparticles/shape-rounded-rect': 3.6.0
      '@tsparticles/shape-spiral': 3.6.0
      '@tsparticles/updater-gradient': 3.6.0
      '@tsparticles/updater-orbit': 3.6.0
      tsparticles: 3.6.0

  '@tsparticles/basic@3.6.0':
    dependencies:
      '@tsparticles/engine': 3.6.0
      '@tsparticles/move-base': 3.6.0
      '@tsparticles/shape-circle': 3.6.0
      '@tsparticles/updater-color': 3.6.0
      '@tsparticles/updater-opacity': 3.6.0
      '@tsparticles/updater-out-modes': 3.6.0
      '@tsparticles/updater-size': 3.6.0

  '@tsparticles/effect-bubble@3.6.0':
    dependencies:
      '@tsparticles/engine': 3.6.0

  '@tsparticles/effect-trail@3.6.0':
    dependencies:
      '@tsparticles/engine': 3.6.0

  '@tsparticles/engine@3.6.0': {}

  '@tsparticles/interaction-external-attract@3.6.0':
    dependencies:
      '@tsparticles/engine': 3.6.0

  '@tsparticles/interaction-external-bounce@3.6.0':
    dependencies:
      '@tsparticles/engine': 3.6.0

  '@tsparticles/interaction-external-bubble@3.6.0':
    dependencies:
      '@tsparticles/engine': 3.6.0

  '@tsparticles/interaction-external-connect@3.6.0':
    dependencies:
      '@tsparticles/engine': 3.6.0

  '@tsparticles/interaction-external-grab@3.6.0':
    dependencies:
      '@tsparticles/engine': 3.6.0

  '@tsparticles/interaction-external-particle@3.6.0':
    dependencies:
      '@tsparticles/engine': 3.6.0

  '@tsparticles/interaction-external-pause@3.6.0':
    dependencies:
      '@tsparticles/engine': 3.6.0

  '@tsparticles/interaction-external-pop@3.6.0':
    dependencies:
      '@tsparticles/engine': 3.6.0

  '@tsparticles/interaction-external-push@3.6.0':
    dependencies:
      '@tsparticles/engine': 3.6.0

  '@tsparticles/interaction-external-remove@3.6.0':
    dependencies:
      '@tsparticles/engine': 3.6.0

  '@tsparticles/interaction-external-repulse@3.6.0':
    dependencies:
      '@tsparticles/engine': 3.6.0

  '@tsparticles/interaction-external-slow@3.6.0':
    dependencies:
      '@tsparticles/engine': 3.6.0

  '@tsparticles/interaction-external-trail@3.6.0':
    dependencies:
      '@tsparticles/engine': 3.6.0

  '@tsparticles/interaction-light@3.6.0':
    dependencies:
      '@tsparticles/engine': 3.6.0

  '@tsparticles/interaction-particles-attract@3.6.0':
    dependencies:
      '@tsparticles/engine': 3.6.0

  '@tsparticles/interaction-particles-collisions@3.6.0':
    dependencies:
      '@tsparticles/engine': 3.6.0

  '@tsparticles/interaction-particles-links@3.6.0':
    dependencies:
      '@tsparticles/engine': 3.6.0

  '@tsparticles/interaction-particles-repulse@3.6.0':
    dependencies:
      '@tsparticles/engine': 3.6.0

  '@tsparticles/move-base@3.6.0':
    dependencies:
      '@tsparticles/engine': 3.6.0

  '@tsparticles/move-parallax@3.6.0':
    dependencies:
      '@tsparticles/engine': 3.6.0

  '@tsparticles/path-curl-noise@3.6.0':
    dependencies:
      '@tsparticles/engine': 3.6.0
      '@tsparticles/simplex-noise': 3.6.0

  '@tsparticles/path-curves@3.6.0':
    dependencies:
      '@tsparticles/engine': 3.6.0

  '@tsparticles/path-perlin-noise@3.6.0':
    dependencies:
      '@tsparticles/engine': 3.6.0
      '@tsparticles/perlin-noise': 3.6.0

  '@tsparticles/path-polygon@3.6.0':
    dependencies:
      '@tsparticles/engine': 3.6.0

  '@tsparticles/path-simplex-noise@3.6.0':
    dependencies:
      '@tsparticles/engine': 3.6.0
      '@tsparticles/simplex-noise': 3.6.0

  '@tsparticles/path-svg@3.6.0':
    dependencies:
      '@tsparticles/engine': 3.6.0

  '@tsparticles/path-zig-zag@3.6.0':
    dependencies:
      '@tsparticles/engine': 3.6.0

  '@tsparticles/perlin-noise@3.6.0': {}

  '@tsparticles/pjs@3.6.0':
    dependencies:
      '@tsparticles/engine': 3.6.0

  '@tsparticles/plugin-absorbers@3.6.0':
    dependencies:
      '@tsparticles/engine': 3.6.0

  '@tsparticles/plugin-canvas-mask@3.6.0':
    dependencies:
      '@tsparticles/engine': 3.6.0

  '@tsparticles/plugin-easing-back@3.6.0':
    dependencies:
      '@tsparticles/engine': 3.6.0

  '@tsparticles/plugin-easing-circ@3.6.0':
    dependencies:
      '@tsparticles/engine': 3.6.0

  '@tsparticles/plugin-easing-cubic@3.6.0':
    dependencies:
      '@tsparticles/engine': 3.6.0

  '@tsparticles/plugin-easing-expo@3.6.0':
    dependencies:
      '@tsparticles/engine': 3.6.0

  '@tsparticles/plugin-easing-linear@3.6.0':
    dependencies:
      '@tsparticles/engine': 3.6.0

  '@tsparticles/plugin-easing-quad@3.6.0':
    dependencies:
      '@tsparticles/engine': 3.6.0

  '@tsparticles/plugin-easing-quart@3.6.0':
    dependencies:
      '@tsparticles/engine': 3.6.0

  '@tsparticles/plugin-easing-quint@3.6.0':
    dependencies:
      '@tsparticles/engine': 3.6.0

  '@tsparticles/plugin-easing-sine@3.6.0':
    dependencies:
      '@tsparticles/engine': 3.6.0

  '@tsparticles/plugin-emitters-shape-canvas@3.6.0':
    dependencies:
      '@tsparticles/engine': 3.6.0
      '@tsparticles/plugin-emitters': 3.6.0

  '@tsparticles/plugin-emitters-shape-circle@3.6.0':
    dependencies:
      '@tsparticles/engine': 3.6.0
      '@tsparticles/plugin-emitters': 3.6.0

  '@tsparticles/plugin-emitters-shape-path@3.6.0':
    dependencies:
      '@tsparticles/engine': 3.6.0
      '@tsparticles/plugin-emitters': 3.6.0

  '@tsparticles/plugin-emitters-shape-polygon@3.6.0':
    dependencies:
      '@tsparticles/engine': 3.6.0
      '@tsparticles/plugin-emitters': 3.6.0

  '@tsparticles/plugin-emitters-shape-square@3.6.0':
    dependencies:
      '@tsparticles/engine': 3.6.0
      '@tsparticles/plugin-emitters': 3.6.0

  '@tsparticles/plugin-emitters@3.6.0':
    dependencies:
      '@tsparticles/engine': 3.6.0

  '@tsparticles/plugin-export-image@3.6.0':
    dependencies:
      '@tsparticles/engine': 3.6.0

  '@tsparticles/plugin-export-json@3.6.0':
    dependencies:
      '@tsparticles/engine': 3.6.0

  '@tsparticles/plugin-export-video@3.6.0':
    dependencies:
      '@tsparticles/engine': 3.6.0

  '@tsparticles/plugin-hsv-color@3.6.0':
    dependencies:
      '@tsparticles/engine': 3.6.0

  '@tsparticles/plugin-infection@3.6.0':
    dependencies:
      '@tsparticles/engine': 3.6.0

  '@tsparticles/plugin-motion@3.6.0':
    dependencies:
      '@tsparticles/engine': 3.6.0

  '@tsparticles/plugin-oklch-color@3.6.0':
    dependencies:
      '@tsparticles/engine': 3.6.0

  '@tsparticles/plugin-poisson-disc@3.6.0':
    dependencies:
      '@tsparticles/engine': 3.6.0

  '@tsparticles/plugin-polygon-mask@3.6.0':
    dependencies:
      '@tsparticles/engine': 3.6.0

  '@tsparticles/plugin-sounds@3.6.0':
    dependencies:
      '@tsparticles/engine': 3.6.0

  '@tsparticles/shape-arrow@3.6.0':
    dependencies:
      '@tsparticles/engine': 3.6.0

  '@tsparticles/shape-cards@3.6.0':
    dependencies:
      '@tsparticles/engine': 3.6.0

  '@tsparticles/shape-circle@3.6.0':
    dependencies:
      '@tsparticles/engine': 3.6.0

  '@tsparticles/shape-cog@3.6.0':
    dependencies:
      '@tsparticles/engine': 3.6.0

  '@tsparticles/shape-emoji@3.6.0':
    dependencies:
      '@tsparticles/engine': 3.6.0

  '@tsparticles/shape-heart@3.6.0':
    dependencies:
      '@tsparticles/engine': 3.6.0

  '@tsparticles/shape-image@3.6.0':
    dependencies:
      '@tsparticles/engine': 3.6.0

  '@tsparticles/shape-infinity@3.6.0':
    dependencies:
      '@tsparticles/engine': 3.6.0

  '@tsparticles/shape-line@3.6.0':
    dependencies:
      '@tsparticles/engine': 3.6.0

  '@tsparticles/shape-path@3.6.0':
    dependencies:
      '@tsparticles/engine': 3.6.0

  '@tsparticles/shape-polygon@3.6.0':
    dependencies:
      '@tsparticles/engine': 3.6.0

  '@tsparticles/shape-rounded-polygon@3.6.0':
    dependencies:
      '@tsparticles/engine': 3.6.0

  '@tsparticles/shape-rounded-rect@3.6.0':
    dependencies:
      '@tsparticles/engine': 3.6.0

  '@tsparticles/shape-spiral@3.6.0':
    dependencies:
      '@tsparticles/engine': 3.6.0

  '@tsparticles/shape-square@3.6.0':
    dependencies:
      '@tsparticles/engine': 3.6.0

  '@tsparticles/shape-star@3.6.0':
    dependencies:
      '@tsparticles/engine': 3.6.0

  '@tsparticles/shape-text@3.6.0':
    dependencies:
      '@tsparticles/engine': 3.6.0

  '@tsparticles/simplex-noise@3.6.0': {}

  '@tsparticles/slim@3.6.0':
    dependencies:
      '@tsparticles/basic': 3.6.0
      '@tsparticles/engine': 3.6.0
      '@tsparticles/interaction-external-attract': 3.6.0
      '@tsparticles/interaction-external-bounce': 3.6.0
      '@tsparticles/interaction-external-bubble': 3.6.0
      '@tsparticles/interaction-external-connect': 3.6.0
      '@tsparticles/interaction-external-grab': 3.6.0
      '@tsparticles/interaction-external-pause': 3.6.0
      '@tsparticles/interaction-external-push': 3.6.0
      '@tsparticles/interaction-external-remove': 3.6.0
      '@tsparticles/interaction-external-repulse': 3.6.0
      '@tsparticles/interaction-external-slow': 3.6.0
      '@tsparticles/interaction-particles-attract': 3.6.0
      '@tsparticles/interaction-particles-collisions': 3.6.0
      '@tsparticles/interaction-particles-links': 3.6.0
      '@tsparticles/move-parallax': 3.6.0
      '@tsparticles/plugin-easing-quad': 3.6.0
      '@tsparticles/shape-emoji': 3.6.0
      '@tsparticles/shape-image': 3.6.0
      '@tsparticles/shape-line': 3.6.0
      '@tsparticles/shape-polygon': 3.6.0
      '@tsparticles/shape-square': 3.6.0
      '@tsparticles/shape-star': 3.6.0
      '@tsparticles/updater-life': 3.6.0
      '@tsparticles/updater-rotate': 3.6.0
      '@tsparticles/updater-stroke-color': 3.6.0

  '@tsparticles/updater-color@3.6.0':
    dependencies:
      '@tsparticles/engine': 3.6.0

  '@tsparticles/updater-destroy@3.6.0':
    dependencies:
      '@tsparticles/engine': 3.6.0

  '@tsparticles/updater-gradient@3.6.0':
    dependencies:
      '@tsparticles/engine': 3.6.0

  '@tsparticles/updater-life@3.6.0':
    dependencies:
      '@tsparticles/engine': 3.6.0

  '@tsparticles/updater-opacity@3.6.0':
    dependencies:
      '@tsparticles/engine': 3.6.0

  '@tsparticles/updater-orbit@3.6.0':
    dependencies:
      '@tsparticles/engine': 3.6.0

  '@tsparticles/updater-out-modes@3.6.0':
    dependencies:
      '@tsparticles/engine': 3.6.0

  '@tsparticles/updater-roll@3.6.0':
    dependencies:
      '@tsparticles/engine': 3.6.0

  '@tsparticles/updater-rotate@3.6.0':
    dependencies:
      '@tsparticles/engine': 3.6.0

  '@tsparticles/updater-size@3.6.0':
    dependencies:
      '@tsparticles/engine': 3.6.0

  '@tsparticles/updater-stroke-color@3.6.0':
    dependencies:
      '@tsparticles/engine': 3.6.0

  '@tsparticles/updater-tilt@3.6.0':
    dependencies:
      '@tsparticles/engine': 3.6.0

  '@tsparticles/updater-twinkle@3.6.0':
    dependencies:
      '@tsparticles/engine': 3.6.0

  '@tsparticles/updater-wobble@3.6.0':
    dependencies:
      '@tsparticles/engine': 3.6.0

  '@types/estree@1.0.6': {}

  '@types/lodash-es@4.17.12':
    dependencies:
      '@types/lodash': 4.17.13

  '@types/lodash@4.17.13': {}

  '@webcomponents/webcomponentsjs@2.8.0': {}

  can-use-dom@0.1.0: {}

  esbuild@0.21.5:
    optionalDependencies:
      '@esbuild/aix-ppc64': 0.21.5
      '@esbuild/android-arm': 0.21.5
      '@esbuild/android-arm64': 0.21.5
      '@esbuild/android-x64': 0.21.5
      '@esbuild/darwin-arm64': 0.21.5
      '@esbuild/darwin-x64': 0.21.5
      '@esbuild/freebsd-arm64': 0.21.5
      '@esbuild/freebsd-x64': 0.21.5
      '@esbuild/linux-arm': 0.21.5
      '@esbuild/linux-arm64': 0.21.5
      '@esbuild/linux-ia32': 0.21.5
      '@esbuild/linux-loong64': 0.21.5
      '@esbuild/linux-mips64el': 0.21.5
      '@esbuild/linux-ppc64': 0.21.5
      '@esbuild/linux-riscv64': 0.21.5
      '@esbuild/linux-s390x': 0.21.5
      '@esbuild/linux-x64': 0.21.5
      '@esbuild/netbsd-x64': 0.21.5
      '@esbuild/openbsd-x64': 0.21.5
      '@esbuild/sunos-x64': 0.21.5
      '@esbuild/win32-arm64': 0.21.5
      '@esbuild/win32-ia32': 0.21.5
      '@esbuild/win32-x64': 0.21.5

  fsevents@2.3.3:
    optional: true

  lodash-es@4.17.21: {}

  lodash@4.17.21: {}

  modern-normalize@2.0.0: {}

  nanoid@3.3.7: {}

  picocolors@1.1.1: {}

  postcss@8.4.49:
    dependencies:
      nanoid: 3.3.7
      picocolors: 1.1.1
      source-map-js: 1.2.1

  resize-observer-polyfill@1.5.1: {}

  rollup@4.27.3:
    dependencies:
      '@types/estree': 1.0.6
    optionalDependencies:
      '@rollup/rollup-android-arm-eabi': 4.27.3
      '@rollup/rollup-android-arm64': 4.27.3
      '@rollup/rollup-darwin-arm64': 4.27.3
      '@rollup/rollup-darwin-x64': 4.27.3
      '@rollup/rollup-freebsd-arm64': 4.27.3
      '@rollup/rollup-freebsd-x64': 4.27.3
      '@rollup/rollup-linux-arm-gnueabihf': 4.27.3
      '@rollup/rollup-linux-arm-musleabihf': 4.27.3
      '@rollup/rollup-linux-arm64-gnu': 4.27.3
      '@rollup/rollup-linux-arm64-musl': 4.27.3
      '@rollup/rollup-linux-powerpc64le-gnu': 4.27.3
      '@rollup/rollup-linux-riscv64-gnu': 4.27.3
      '@rollup/rollup-linux-s390x-gnu': 4.27.3
      '@rollup/rollup-linux-x64-gnu': 4.27.3
      '@rollup/rollup-linux-x64-musl': 4.27.3
      '@rollup/rollup-win32-arm64-msvc': 4.27.3
      '@rollup/rollup-win32-ia32-msvc': 4.27.3
      '@rollup/rollup-win32-x64-msvc': 4.27.3
      fsevents: 2.3.3

  simplebar-core@1.2.6:
    dependencies:
      '@types/lodash-es': 4.17.12
      lodash: 4.17.21
      lodash-es: 4.17.21

  simplebar@6.2.7:
    dependencies:
      can-use-dom: 0.1.0
      simplebar-core: 1.2.6

  source-map-js@1.2.1: {}

  tsparticles@3.6.0:
    dependencies:
      '@tsparticles/engine': 3.6.0
      '@tsparticles/interaction-external-trail': 3.6.0
      '@tsparticles/plugin-absorbers': 3.6.0
      '@tsparticles/plugin-emitters': 3.6.0
      '@tsparticles/plugin-emitters-shape-circle': 3.6.0
      '@tsparticles/plugin-emitters-shape-square': 3.6.0
      '@tsparticles/shape-text': 3.6.0
      '@tsparticles/slim': 3.6.0
      '@tsparticles/updater-destroy': 3.6.0
      '@tsparticles/updater-roll': 3.6.0
      '@tsparticles/updater-tilt': 3.6.0
      '@tsparticles/updater-twinkle': 3.6.0
      '@tsparticles/updater-wobble': 3.6.0

  vite@5.4.11:
    dependencies:
      esbuild: 0.21.5
      postcss: 8.4.49
      rollup: 4.27.3
    optionalDependencies:
      fsevents: 2.3.3
