lockfileVersion: '9.0'

settings:
  autoInstallPeers: true
  excludeLinksFromLockfile: false

importers:

  .:
    dependencies:
      '@tsparticles/all':
        specifier: ^3.5.0
        version: 3.5.0
      '@tsparticles/engine':
        specifier: ^3.5.0
        version: 3.5.0
      '@webcomponents/webcomponentsjs':
        specifier: ^2.8.0
        version: 2.8.0
      modern-normalize:
        specifier: ^2.0.0
        version: 2.0.0
      resize-observer-polyfill:
        specifier: ^1.5.1
        version: 1.5.1
      simplebar:
        specifier: ^6.2.7
        version: 6.2.7
    devDependencies:
      vite:
        specifier: ^5.4.10
        version: 5.4.10

packages:

  '@esbuild/aix-ppc64@0.21.5':
    resolution: {integrity: sha512-1SDgH6ZSPTlggy1yI6+Dbkiz8xzpHJEVAlF/AM1tHPLsf5STom9rwtjE4hKAF20FfXXNTFqEYXyJNWh1GiZedQ==}
    engines: {node: '>=12'}
    cpu: [ppc64]
    os: [aix]

  '@esbuild/android-arm64@0.21.5':
    resolution: {integrity: sha512-c0uX9VAUBQ7dTDCjq+wdyGLowMdtR/GoC2U5IYk/7D1H1JYC0qseD7+11iMP2mRLN9RcCMRcjC4YMclCzGwS/A==}
    engines: {node: '>=12'}
    cpu: [arm64]
    os: [android]

  '@esbuild/android-arm@0.21.5':
    resolution: {integrity: sha512-vCPvzSjpPHEi1siZdlvAlsPxXl7WbOVUBBAowWug4rJHb68Ox8KualB+1ocNvT5fjv6wpkX6o/iEpbDrf68zcg==}
    engines: {node: '>=12'}
    cpu: [arm]
    os: [android]

  '@esbuild/android-x64@0.21.5':
    resolution: {integrity: sha512-D7aPRUUNHRBwHxzxRvp856rjUHRFW1SdQATKXH2hqA0kAZb1hKmi02OpYRacl0TxIGz/ZmXWlbZgjwWYaCakTA==}
    engines: {node: '>=12'}
    cpu: [x64]
    os: [android]

  '@esbuild/darwin-arm64@0.21.5':
    resolution: {integrity: sha512-DwqXqZyuk5AiWWf3UfLiRDJ5EDd49zg6O9wclZ7kUMv2WRFr4HKjXp/5t8JZ11QbQfUS6/cRCKGwYhtNAY88kQ==}
    engines: {node: '>=12'}
    cpu: [arm64]
    os: [darwin]

  '@esbuild/darwin-x64@0.21.5':
    resolution: {integrity: sha512-se/JjF8NlmKVG4kNIuyWMV/22ZaerB+qaSi5MdrXtd6R08kvs2qCN4C09miupktDitvh8jRFflwGFBQcxZRjbw==}
    engines: {node: '>=12'}
    cpu: [x64]
    os: [darwin]

  '@esbuild/freebsd-arm64@0.21.5':
    resolution: {integrity: sha512-5JcRxxRDUJLX8JXp/wcBCy3pENnCgBR9bN6JsY4OmhfUtIHe3ZW0mawA7+RDAcMLrMIZaf03NlQiX9DGyB8h4g==}
    engines: {node: '>=12'}
    cpu: [arm64]
    os: [freebsd]

  '@esbuild/freebsd-x64@0.21.5':
    resolution: {integrity: sha512-J95kNBj1zkbMXtHVH29bBriQygMXqoVQOQYA+ISs0/2l3T9/kj42ow2mpqerRBxDJnmkUDCaQT/dfNXWX/ZZCQ==}
    engines: {node: '>=12'}
    cpu: [x64]
    os: [freebsd]

  '@esbuild/linux-arm64@0.21.5':
    resolution: {integrity: sha512-ibKvmyYzKsBeX8d8I7MH/TMfWDXBF3db4qM6sy+7re0YXya+K1cem3on9XgdT2EQGMu4hQyZhan7TeQ8XkGp4Q==}
    engines: {node: '>=12'}
    cpu: [arm64]
    os: [linux]

  '@esbuild/linux-arm@0.21.5':
    resolution: {integrity: sha512-bPb5AHZtbeNGjCKVZ9UGqGwo8EUu4cLq68E95A53KlxAPRmUyYv2D6F0uUI65XisGOL1hBP5mTronbgo+0bFcA==}
    engines: {node: '>=12'}
    cpu: [arm]
    os: [linux]

  '@esbuild/linux-ia32@0.21.5':
    resolution: {integrity: sha512-YvjXDqLRqPDl2dvRODYmmhz4rPeVKYvppfGYKSNGdyZkA01046pLWyRKKI3ax8fbJoK5QbxblURkwK/MWY18Tg==}
    engines: {node: '>=12'}
    cpu: [ia32]
    os: [linux]

  '@esbuild/linux-loong64@0.21.5':
    resolution: {integrity: sha512-uHf1BmMG8qEvzdrzAqg2SIG/02+4/DHB6a9Kbya0XDvwDEKCoC8ZRWI5JJvNdUjtciBGFQ5PuBlpEOXQj+JQSg==}
    engines: {node: '>=12'}
    cpu: [loong64]
    os: [linux]

  '@esbuild/linux-mips64el@0.21.5':
    resolution: {integrity: sha512-IajOmO+KJK23bj52dFSNCMsz1QP1DqM6cwLUv3W1QwyxkyIWecfafnI555fvSGqEKwjMXVLokcV5ygHW5b3Jbg==}
    engines: {node: '>=12'}
    cpu: [mips64el]
    os: [linux]

  '@esbuild/linux-ppc64@0.21.5':
    resolution: {integrity: sha512-1hHV/Z4OEfMwpLO8rp7CvlhBDnjsC3CttJXIhBi+5Aj5r+MBvy4egg7wCbe//hSsT+RvDAG7s81tAvpL2XAE4w==}
    engines: {node: '>=12'}
    cpu: [ppc64]
    os: [linux]

  '@esbuild/linux-riscv64@0.21.5':
    resolution: {integrity: sha512-2HdXDMd9GMgTGrPWnJzP2ALSokE/0O5HhTUvWIbD3YdjME8JwvSCnNGBnTThKGEB91OZhzrJ4qIIxk/SBmyDDA==}
    engines: {node: '>=12'}
    cpu: [riscv64]
    os: [linux]

  '@esbuild/linux-s390x@0.21.5':
    resolution: {integrity: sha512-zus5sxzqBJD3eXxwvjN1yQkRepANgxE9lgOW2qLnmr8ikMTphkjgXu1HR01K4FJg8h1kEEDAqDcZQtbrRnB41A==}
    engines: {node: '>=12'}
    cpu: [s390x]
    os: [linux]

  '@esbuild/linux-x64@0.21.5':
    resolution: {integrity: sha512-1rYdTpyv03iycF1+BhzrzQJCdOuAOtaqHTWJZCWvijKD2N5Xu0TtVC8/+1faWqcP9iBCWOmjmhoH94dH82BxPQ==}
    engines: {node: '>=12'}
    cpu: [x64]
    os: [linux]

  '@esbuild/netbsd-x64@0.21.5':
    resolution: {integrity: sha512-Woi2MXzXjMULccIwMnLciyZH4nCIMpWQAs049KEeMvOcNADVxo0UBIQPfSmxB3CWKedngg7sWZdLvLczpe0tLg==}
    engines: {node: '>=12'}
    cpu: [x64]
    os: [netbsd]

  '@esbuild/openbsd-x64@0.21.5':
    resolution: {integrity: sha512-HLNNw99xsvx12lFBUwoT8EVCsSvRNDVxNpjZ7bPn947b8gJPzeHWyNVhFsaerc0n3TsbOINvRP2byTZ5LKezow==}
    engines: {node: '>=12'}
    cpu: [x64]
    os: [openbsd]

  '@esbuild/sunos-x64@0.21.5':
    resolution: {integrity: sha512-6+gjmFpfy0BHU5Tpptkuh8+uw3mnrvgs+dSPQXQOv3ekbordwnzTVEb4qnIvQcYXq6gzkyTnoZ9dZG+D4garKg==}
    engines: {node: '>=12'}
    cpu: [x64]
    os: [sunos]

  '@esbuild/win32-arm64@0.21.5':
    resolution: {integrity: sha512-Z0gOTd75VvXqyq7nsl93zwahcTROgqvuAcYDUr+vOv8uHhNSKROyU961kgtCD1e95IqPKSQKH7tBTslnS3tA8A==}
    engines: {node: '>=12'}
    cpu: [arm64]
    os: [win32]

  '@esbuild/win32-ia32@0.21.5':
    resolution: {integrity: sha512-SWXFF1CL2RVNMaVs+BBClwtfZSvDgtL//G/smwAc5oVK/UPu2Gu9tIaRgFmYFFKrmg3SyAjSrElf0TiJ1v8fYA==}
    engines: {node: '>=12'}
    cpu: [ia32]
    os: [win32]

  '@esbuild/win32-x64@0.21.5':
    resolution: {integrity: sha512-tQd/1efJuzPC6rCFwEvLtci/xNFcTZknmXs98FYDfGE4wP9ClFV98nyKrzJKVPMhdDnjzLhdUyMX4PsQAPjwIw==}
    engines: {node: '>=12'}
    cpu: [x64]
    os: [win32]

  '@rollup/rollup-android-arm-eabi@4.24.4':
    resolution: {integrity: sha512-jfUJrFct/hTA0XDM5p/htWKoNNTbDLY0KRwEt6pyOA6k2fmk0WVwl65PdUdJZgzGEHWx+49LilkcSaumQRyNQw==}
    cpu: [arm]
    os: [android]

  '@rollup/rollup-android-arm64@4.24.4':
    resolution: {integrity: sha512-j4nrEO6nHU1nZUuCfRKoCcvh7PIywQPUCBa2UsootTHvTHIoIu2BzueInGJhhvQO/2FTRdNYpf63xsgEqH9IhA==}
    cpu: [arm64]
    os: [android]

  '@rollup/rollup-darwin-arm64@4.24.4':
    resolution: {integrity: sha512-GmU/QgGtBTeraKyldC7cDVVvAJEOr3dFLKneez/n7BvX57UdhOqDsVwzU7UOnYA7AAOt+Xb26lk79PldDHgMIQ==}
    cpu: [arm64]
    os: [darwin]

  '@rollup/rollup-darwin-x64@4.24.4':
    resolution: {integrity: sha512-N6oDBiZCBKlwYcsEPXGDE4g9RoxZLK6vT98M8111cW7VsVJFpNEqvJeIPfsCzbf0XEakPslh72X0gnlMi4Ddgg==}
    cpu: [x64]
    os: [darwin]

  '@rollup/rollup-freebsd-arm64@4.24.4':
    resolution: {integrity: sha512-py5oNShCCjCyjWXCZNrRGRpjWsF0ic8f4ieBNra5buQz0O/U6mMXCpC1LvrHuhJsNPgRt36tSYMidGzZiJF6mw==}
    cpu: [arm64]
    os: [freebsd]

  '@rollup/rollup-freebsd-x64@4.24.4':
    resolution: {integrity: sha512-L7VVVW9FCnTTp4i7KrmHeDsDvjB4++KOBENYtNYAiYl96jeBThFfhP6HVxL74v4SiZEVDH/1ILscR5U9S4ms4g==}
    cpu: [x64]
    os: [freebsd]

  '@rollup/rollup-linux-arm-gnueabihf@4.24.4':
    resolution: {integrity: sha512-10ICosOwYChROdQoQo589N5idQIisxjaFE/PAnX2i0Zr84mY0k9zul1ArH0rnJ/fpgiqfu13TFZR5A5YJLOYZA==}
    cpu: [arm]
    os: [linux]

  '@rollup/rollup-linux-arm-musleabihf@4.24.4':
    resolution: {integrity: sha512-ySAfWs69LYC7QhRDZNKqNhz2UKN8LDfbKSMAEtoEI0jitwfAG2iZwVqGACJT+kfYvvz3/JgsLlcBP+WWoKCLcw==}
    cpu: [arm]
    os: [linux]

  '@rollup/rollup-linux-arm64-gnu@4.24.4':
    resolution: {integrity: sha512-uHYJ0HNOI6pGEeZ/5mgm5arNVTI0nLlmrbdph+pGXpC9tFHFDQmDMOEqkmUObRfosJqpU8RliYoGz06qSdtcjg==}
    cpu: [arm64]
    os: [linux]

  '@rollup/rollup-linux-arm64-musl@4.24.4':
    resolution: {integrity: sha512-38yiWLemQf7aLHDgTg85fh3hW9stJ0Muk7+s6tIkSUOMmi4Xbv5pH/5Bofnsb6spIwD5FJiR+jg71f0CH5OzoA==}
    cpu: [arm64]
    os: [linux]

  '@rollup/rollup-linux-powerpc64le-gnu@4.24.4':
    resolution: {integrity: sha512-q73XUPnkwt9ZNF2xRS4fvneSuaHw2BXuV5rI4cw0fWYVIWIBeDZX7c7FWhFQPNTnE24172K30I+dViWRVD9TwA==}
    cpu: [ppc64]
    os: [linux]

  '@rollup/rollup-linux-riscv64-gnu@4.24.4':
    resolution: {integrity: sha512-Aie/TbmQi6UXokJqDZdmTJuZBCU3QBDA8oTKRGtd4ABi/nHgXICulfg1KI6n9/koDsiDbvHAiQO3YAUNa/7BCw==}
    cpu: [riscv64]
    os: [linux]

  '@rollup/rollup-linux-s390x-gnu@4.24.4':
    resolution: {integrity: sha512-P8MPErVO/y8ohWSP9JY7lLQ8+YMHfTI4bAdtCi3pC2hTeqFJco2jYspzOzTUB8hwUWIIu1xwOrJE11nP+0JFAQ==}
    cpu: [s390x]
    os: [linux]

  '@rollup/rollup-linux-x64-gnu@4.24.4':
    resolution: {integrity: sha512-K03TljaaoPK5FOyNMZAAEmhlyO49LaE4qCsr0lYHUKyb6QacTNF9pnfPpXnFlFD3TXuFbFbz7tJ51FujUXkXYA==}
    cpu: [x64]
    os: [linux]

  '@rollup/rollup-linux-x64-musl@4.24.4':
    resolution: {integrity: sha512-VJYl4xSl/wqG2D5xTYncVWW+26ICV4wubwN9Gs5NrqhJtayikwCXzPL8GDsLnaLU3WwhQ8W02IinYSFJfyo34Q==}
    cpu: [x64]
    os: [linux]

  '@rollup/rollup-win32-arm64-msvc@4.24.4':
    resolution: {integrity: sha512-ku2GvtPwQfCqoPFIJCqZ8o7bJcj+Y54cZSr43hHca6jLwAiCbZdBUOrqE6y29QFajNAzzpIOwsckaTFmN6/8TA==}
    cpu: [arm64]
    os: [win32]

  '@rollup/rollup-win32-ia32-msvc@4.24.4':
    resolution: {integrity: sha512-V3nCe+eTt/W6UYNr/wGvO1fLpHUrnlirlypZfKCT1fG6hWfqhPgQV/K/mRBXBpxc0eKLIF18pIOFVPh0mqHjlg==}
    cpu: [ia32]
    os: [win32]

  '@rollup/rollup-win32-x64-msvc@4.24.4':
    resolution: {integrity: sha512-LTw1Dfd0mBIEqUVCxbvTE/LLo+9ZxVC9k99v1v4ahg9Aak6FpqOfNu5kRkeTAn0wphoC4JU7No1/rL+bBCEwhg==}
    cpu: [x64]
    os: [win32]

  '@tsparticles/all@3.5.0':
    resolution: {integrity: sha512-kQ03drCfYSEEcXiwL39Od1hAlHUffEYwF0GTT7jFVAtnSNeyzoB4/B689ecJd+GL1LLnA0lIEYr0kGbGH7vtxA==}

  '@tsparticles/basic@3.5.0':
    resolution: {integrity: sha512-oty33TxM2aHWrzcwWRic1bQ04KBCdpnvzv8JXEkx5Uyp70vgVegUbtKmwGki3shqKZIt3v2qE4I8NsK6onhLrA==}

  '@tsparticles/effect-bubble@3.5.0':
    resolution: {integrity: sha512-c8UsQHgtnG9+S0iiJ7mqeCyDh4BcHjwUBMtCCG8pLLcXnv9ueXJe5JVUTsNrnPFrojF/CsV9owcFvBuVwLWTEA==}

  '@tsparticles/effect-trail@3.5.0':
    resolution: {integrity: sha512-0Y7Cx6AHZcRPORJFhj4hdSfqO/nY3Z7kdoN+0nxZ/OE3pOGZvRUiuQ+fpx1ABr+MsJvjIZQUiOiZZGvHcYMXnw==}

  '@tsparticles/engine@3.5.0':
    resolution: {integrity: sha512-RCwrJ2SvSYdhXJ24oUCjSUKEZQ9lXwObOWMvfMC9vS6/bk+Qo0N7Xx8AfumqzP/LebB1YJdlCvuoJMauAon0Pg==}

  '@tsparticles/interaction-external-attract@3.5.0':
    resolution: {integrity: sha512-BQYjoHtq7yaETSvPtzKt93OO9MZ1WuDZj7cFPG+iujNekXiwhLRQ89a+QMcsTrCLx70KLJ7SuTzQL5MT1/kb2Q==}

  '@tsparticles/interaction-external-bounce@3.5.0':
    resolution: {integrity: sha512-H/0//dn4zwKes8zWIjolfeokL0VAlj+EkK7LUhznPhPu+Gt+h6aJqPlwC2MdI5Rvcnps8dT7YoCBWBQ4tJH6zg==}

  '@tsparticles/interaction-external-bubble@3.5.0':
    resolution: {integrity: sha512-xTS4PQDMC5j9qOAFTC1M9DfBTJl8P8M41ySGtZHnCvVqG0oLlLSw15msniamjXyaoA4tZvBPM6G+GmFdgE9w1A==}

  '@tsparticles/interaction-external-connect@3.5.0':
    resolution: {integrity: sha512-VSpyZ0P8Hu4nq6C917X3tnwEROfGjrm0ivWJmbBv/lFJ9euZ2VeezeITNZNtNvt/hS5vLI8npDetB/wtd994HQ==}

  '@tsparticles/interaction-external-grab@3.5.0':
    resolution: {integrity: sha512-WOTWSGVerlfJZ9zwq8Eyutq1h0LAr1hI/Fs8j7s5qabZjxPzUBV8rhgghZ/nGrHEiB6j8SW4XMHkN6XR0VM9Ww==}

  '@tsparticles/interaction-external-particle@3.5.0':
    resolution: {integrity: sha512-l8YiTUM3YNgun2dqqrknrtqABfpJnckHeqGuIxxy+4bfxj7TKSlAPxk5nN2rJ6R+8ZF7/wRS/sCPZcl0tWYCAA==}

  '@tsparticles/interaction-external-pause@3.5.0':
    resolution: {integrity: sha512-Hnj1mBH5X3d3zwTP6R+tYn45uTq5XGLDINhEzl30EAjXK30LQe8/RgE91O4CsMSrlTmouG0OuHYGC3nyrn/dcw==}

  '@tsparticles/interaction-external-pop@3.5.0':
    resolution: {integrity: sha512-M5nhL5zAINIjKO/1dU4VQVljA7yCpBl+45wYNVHNy5CcasiuRjoCz5v/6OkmmSEnMDx40q/8+INTttc0gxlVIQ==}

  '@tsparticles/interaction-external-push@3.5.0':
    resolution: {integrity: sha512-8UNt5lYRhydDJCK7AznR3s1nJj3OCeLcDknARoq7hATdI+G151QAubD9NUUURCZ1GdXpftT5Bh0Bl1YtiZwOhg==}

  '@tsparticles/interaction-external-remove@3.5.0':
    resolution: {integrity: sha512-+qiVRnR8xywg++gn8fagwpuQVh0WWKxIMkY6l6lMw9UoXz8L6MUVgvWaT632EVmkrTgM43pZ1m0W3m9aBY9rZw==}

  '@tsparticles/interaction-external-repulse@3.5.0':
    resolution: {integrity: sha512-lTF7iLqCCQ3AbQSDVTpE3TihoVvI322/5QTqQmwylrrmjbDxGu4Hym4BHK5GqDHOdodOnwU2DWjRF5cRx3aPPg==}

  '@tsparticles/interaction-external-slow@3.5.0':
    resolution: {integrity: sha512-KYp1GWbXdnLunFvHJt2YMZMMITebAt0XkzisKoSe+rfvoCbcMGXI2XvDYb0UkGvd8sKTSnHcn7cGH8dhVXXYaQ==}

  '@tsparticles/interaction-external-trail@3.5.0':
    resolution: {integrity: sha512-nnWm7zzclqA5dCPlLlKDXUXJKRNs7Y3vX47jCFpV1djDpZQZ+5JT0G81qDtYyn/mSl/nNpQ0DlTMR3rRnE7mHg==}

  '@tsparticles/interaction-light@3.5.0':
    resolution: {integrity: sha512-bFVHxQPbuI2u7QVoAQ4GGOZHkHuwxYSKz/51GBoveI4Fs4K6dTRdnlOUZ67Dsb70/aV+8aXo9+Qthu0st6B4Jw==}

  '@tsparticles/interaction-particles-attract@3.5.0':
    resolution: {integrity: sha512-ICnT9+9ZxINh5ZijyxjFXOOMC/jNQgOXPe+5MxgK/WYXE8mRbRzsOdaxiS3zK5PSFlqtztn189anDbfqcHDutQ==}

  '@tsparticles/interaction-particles-collisions@3.5.0':
    resolution: {integrity: sha512-KrfyXy4l6nW2z0An2FE4z5R4rEiIONYPcDpkBhWqQK+pyLkHhtGYmqmP7Pb22IC9noFzjOCaR5CNVjWP7B+1vA==}

  '@tsparticles/interaction-particles-links@3.5.0':
    resolution: {integrity: sha512-ZdIixcGcRJMxCq4zxeRAzzbbuN5vVoy3pDDLaO3mnWnfJWywkYZToV0XvOUaHUT2AkUuKa9ZuQKx0LO3z1AO+w==}

  '@tsparticles/interaction-particles-repulse@3.5.0':
    resolution: {integrity: sha512-u+b4wJx+9n8WOcN2Z5zxwIyMn0EjJdAEK1EK01M5h6wjTi44MJ5I2BOe5xD1oDT1Ddqwkpd8owECTFAgvdnsvg==}

  '@tsparticles/move-base@3.5.0':
    resolution: {integrity: sha512-9oDk7zTxyhUCstj3lHTNTiWAgqIBzWa2o1tVQFK63Qwq+/WxzJCSwZOocC9PAHGM1IP6nA4zYJSfjbMBTrUocA==}

  '@tsparticles/move-parallax@3.5.0':
    resolution: {integrity: sha512-1NC2OGsbdLc5T4uiRqq7i24b9FIhfaLnx4wVtOQjX48jWfy/ZKOdIEYLFKOPHnaMI0MjinJTNXLi9i6zVNCobg==}

  '@tsparticles/path-curl-noise@3.5.0':
    resolution: {integrity: sha512-Cz3WGJKg1oIeFgHSg0Zy/EkOAYEQR4p8oSbM5m77SPrw3eF8HlA4vM4HPSX1iw7DIyespbEym3vSM4CBCpUuUw==}

  '@tsparticles/path-curves@3.5.0':
    resolution: {integrity: sha512-r1GQYA/vdtPEi8BfJKRAx9BhwSpHO4Ua16Agh9UuXxp5JXug7xYkyra+5wn7cHFYs2t9WT4tL4lqLmxG4UjE/Q==}

  '@tsparticles/path-perlin-noise@3.5.0':
    resolution: {integrity: sha512-4a3F0FqmKg9/ai75+rjVOU4qSqtWdT8EiqOkQl82ZTGZXibwO0yJYSoAZXCVO7XzCgK+QLk+yYC5B3elebuuvw==}

  '@tsparticles/path-polygon@3.5.0':
    resolution: {integrity: sha512-nuTM7yQIxdmfEj462PJyvp7Xn83IMgpX0ute/sOuLEoxpLKAZ/LNV/cKPniCNVhaUiGhJ3KeRR+qawU1zL2vZw==}

  '@tsparticles/path-simplex-noise@3.5.0':
    resolution: {integrity: sha512-2zFvMM56Zr0t3GmEcjp0eXvWuZcYN02cVBx9DjRkjvIIjvRKXQAZ4NdZFRUXi3ZzIPWjGpSGzdmRtYfckozikg==}

  '@tsparticles/path-svg@3.5.0':
    resolution: {integrity: sha512-KKABBNYTdHlXAH6mdWqz0c7fDeQYp6JICq3Lvs6PLYMRWYEMXcbt2+/MRwZMaq7uXGb7TzHCEt2wgT1pMZ432w==}

  '@tsparticles/path-zig-zag@3.5.0':
    resolution: {integrity: sha512-PDMxjyFNNCfOrpi7GcJKrREVWi/dsWl++8z+BuwzyxLnJRZnmgzInzatt18Vz/QbbjJg/3YkShisurdq4g11ug==}

  '@tsparticles/perlin-noise@3.5.0':
    resolution: {integrity: sha512-iBpytklG1vl+lFA7WEO6F6BoSwcGTcyGwit+MIPJmrZqpyeTd7td2p3ohHPWzkTAAhzkO6NNWLuwlIF2BY/tdg==}

  '@tsparticles/pjs@3.5.0':
    resolution: {integrity: sha512-9lW4jIOSqUTVxnE/bYaw0K5/PdDK9KXwj3TksJFhW5ko/YJkstZQt4ViO0hOpPtgx3ko28jPrbacI/Gp6+tGRg==}

  '@tsparticles/plugin-absorbers@3.5.0':
    resolution: {integrity: sha512-ybSilBJRshMldHgKlK+fwap9DclPh6QJRT4SC1lSasTgYZd4XeS62Ww8v1BQB/bxeCZccZwB1IFggt9uB61Png==}

  '@tsparticles/plugin-canvas-mask@3.5.0':
    resolution: {integrity: sha512-fuuEHy5M6gUBXVZ8raEQXxuOGTA895sI0izEvGfn6jWLbZDPSh/iWgbrAoYGThjsE/jJsq7W//Iy4jBN5G/5yQ==}

  '@tsparticles/plugin-easing-back@3.5.0':
    resolution: {integrity: sha512-604bPaU6o3DER6q1cGHMf2Ivn9jd6UbIgrPvJ/VItkAmKW/o8gReU5hbGajhviKDhAhWVTg9cJ21sou8S032Xg==}

  '@tsparticles/plugin-easing-circ@3.5.0':
    resolution: {integrity: sha512-+S6eHGcE5j8gExTjV11mg7r4KpiSApAJQ3tpjUO+Pu3QEVTvinVpl+GJMZAsnoIWVZm9xP3u9rF6VuWBIGA9Mg==}

  '@tsparticles/plugin-easing-cubic@3.5.0':
    resolution: {integrity: sha512-KZAxDrbwTvRG8ugah72F3kjQE/QzJiN1xM2aT0mlVyD7bMPGmqez7rECoqT8UPrVN23f6gTe4PNFNiw+FehedA==}

  '@tsparticles/plugin-easing-expo@3.5.0':
    resolution: {integrity: sha512-d6UNVHQHKNuLeHmRXeOBhhJ7vrTVDzUMfNifxGQKVxoUEzHR4DZWcgJmilMi8UcMyhs78chdlaBqWmeKCFfOPg==}

  '@tsparticles/plugin-easing-linear@3.5.0':
    resolution: {integrity: sha512-mZ1wkoT3qFScK06RG9U7+hXA711f31FvRQueKNxBcdSQj12CWIwuvGdoQLUkIJkH2yBUywxwIIbJ5oHzDA33QQ==}

  '@tsparticles/plugin-easing-quad@3.5.0':
    resolution: {integrity: sha512-Pd44hTiVlaaeQZwRlP+ih8jKmWuIQdkpPUJS0Qwzeck2nfK01IAflDJoxXxGF53vA8QOrz/K6VdVQJShD8yCsg==}

  '@tsparticles/plugin-easing-quart@3.5.0':
    resolution: {integrity: sha512-xnV37c17FsHRT3eJbV/0m88BmQbYxsP1V3D2rrav3DoYS3NzE9M3m5R9ZIyuEbK7tGtgGcn3RGneqix0yVznaQ==}

  '@tsparticles/plugin-easing-quint@3.5.0':
    resolution: {integrity: sha512-f0SVo+5xMCALIwK08bCCsiralERVMv8P+Gioco4mGem+PvLqKjk7T2bnL0v5j6WPwcJrO78oi2NKhec+wEpoOQ==}

  '@tsparticles/plugin-easing-sine@3.5.0':
    resolution: {integrity: sha512-bvZcZ7DwAZgxfNeU8svFyhhRh3kvgeyUCwRk56j/KhYGYnb0VaSl1t1LQg0gaT7EhmJHfhhdpnnNOApCGawZbA==}

  '@tsparticles/plugin-emitters-shape-canvas@3.5.0':
    resolution: {integrity: sha512-/sWRoaM0nXzyx72xI2LIiGlksiM3fholgY28alSU2jRmXDgCCzQkBYgugbNIyEixkRvA23AFmwA1Q03eXlvuYg==}

  '@tsparticles/plugin-emitters-shape-circle@3.5.0':
    resolution: {integrity: sha512-lBHg+O23zISH5aBPpGuQHD6u4ZHk4/JkDcJ+y10Hfpl9ljnilkFvq3LAGYlJmAJi33W0MQep2JpAqFm4i0JNOw==}

  '@tsparticles/plugin-emitters-shape-path@3.5.0':
    resolution: {integrity: sha512-S+TQ9VBKGeTb3sHNPy5pqFk75KTJALgFfGb0ujQ8vsVtchhvMA0T5SCtL/pBJf2sRxlpHoIKUPxUspQMITN9Rw==}

  '@tsparticles/plugin-emitters-shape-polygon@3.5.0':
    resolution: {integrity: sha512-888ieBSKzwQJdswDyt9S8B7RQo+/ihMhQNOoYngtzrpP33Xz84tWMJSXzl7nV3WmQFXV/KtRAKjsf/w+KeQSfg==}

  '@tsparticles/plugin-emitters-shape-square@3.5.0':
    resolution: {integrity: sha512-hxKQ+OlnpX81gwefG6KQrdtcePKctZ35A6Ej1iQ1rrF/SavtyqIctjG9dpemQ3Nh4peZFhxMS59fbGwhzFJO5A==}

  '@tsparticles/plugin-emitters@3.5.0':
    resolution: {integrity: sha512-8Vg6wAPS75ibkukqtTM7yoC+8NnfXBl8xVUUbTaoeQCE0WDWwztboMf5L4pUgWe9WA52ZgFkWtT/mFH5wk5T9g==}

  '@tsparticles/plugin-export-image@3.5.0':
    resolution: {integrity: sha512-IN+e76uZytjGkigB4bq+fLMNkICMlf69FM2ZO+xqd0Xu43XvoSQtXQLFY27Ge1lnQgiLtiTIczOI6fioz96ziQ==}

  '@tsparticles/plugin-export-json@3.5.0':
    resolution: {integrity: sha512-fhjU1HkLwainIpj4Fa0uXqe5kUXkKQASItmhFicd3MJbL0wjPVJ3lPU3TxexCMFi1lA9IcRywGdQoQk0xnnFOw==}

  '@tsparticles/plugin-export-video@3.5.0':
    resolution: {integrity: sha512-NEpIHL6mmb/A07n+/Ag/fHDEeHCq8bTXLmHYZwG89VSScgIAdS8IxRK4LZOVOTvQD0/0m0hZgIBFSrBKV8gxCw==}

  '@tsparticles/plugin-hsv-color@3.5.0':
    resolution: {integrity: sha512-FWqDoDJJFqicFAQJis2Zx2B71gqIJar3aFaOZVRRwzcKhoZGVmr5rGg7sysS/pPuKckKCQANhcglHdtlE3BBkg==}

  '@tsparticles/plugin-infection@3.5.0':
    resolution: {integrity: sha512-GK09R7RCwA9Sn4P429MOMiU7J/6PIkmCNVWx+oUQBhkq6CXhDbEzu0ndD6bHtBX/YskmxjU/reNDY014iF7iyA==}

  '@tsparticles/plugin-motion@3.5.0':
    resolution: {integrity: sha512-juP8f9ABjlhQmg4SO+tTofLYJwvwLPfKWJYvG8c6HU2rlJxJ/6eeWe9kDpv/T8nun3kXYHtrLhcJAmvWg/b5qA==}

  '@tsparticles/plugin-poisson-disc@3.5.0':
    resolution: {integrity: sha512-A49Omn1o2eeodyM1uSy3TglslkbIYUgD6axbtbV7wObqlbKd2DJGrHeMsDvREi4gOqcAHy/wQKLDobj0zYTU8A==}

  '@tsparticles/plugin-polygon-mask@3.5.0':
    resolution: {integrity: sha512-Ppgfp1Jkly5aRGfwXNVerv9+Z1mk0ry371ad5SSVYTvTC0p0v4RbC7MPRGfTcjr738tQZAtSW7iuPS4cTcRsSQ==}

  '@tsparticles/plugin-sounds@3.5.0':
    resolution: {integrity: sha512-g5YCP5G7coxOfcReyguixqnuBPQ5F7+1Bcbdf4OjxmI/lTH+K0/QFLQ4CLR9rKmhRCP0w/GnlksLe9nwZNn+7A==}

  '@tsparticles/shape-arrow@3.5.0':
    resolution: {integrity: sha512-yH6tILV3A0g3WPcF3YoQ5wdVuhD0oaanrzc2um6EUZkEJQ0ay3cmktk17DVxFQnYv0na/rKReYtfyqTYHrUlyg==}

  '@tsparticles/shape-cards@3.5.0':
    resolution: {integrity: sha512-rU7rp1Yn1leHpCNA/7vrfY6tcLjvrG6A6sOT11dSanIj2J8zgLNXnbVtRJPtU13x+masft9Ta1tpw3dFRdtHcA==}

  '@tsparticles/shape-circle@3.5.0':
    resolution: {integrity: sha512-59TmXkeeI6Jzv5vt/D3TkclglabaoEXQi2kbDjSCBK68SXRHzlQu29mSAL41Y5S0Ft5ZJKkAQHX1IqEnm8Hyjg==}

  '@tsparticles/shape-cog@3.5.0':
    resolution: {integrity: sha512-7r3FpHDi1m0wFlw+XGLwIeUqsw6oCx6/yoKHRSkR316ZaWyMwM+hk/J0IkCgV+HlYVsnPdBKf4PIPT1ztVXdFA==}

  '@tsparticles/shape-emoji@3.5.0':
    resolution: {integrity: sha512-cxWHxQxnG5vLDltkoxdo7KS87uKPwQgf4SDWy/WCxW4Psm1TEeeSGYMJPVed+wWPspOKmLb7u8OaEexgE2pHHQ==}

  '@tsparticles/shape-heart@3.5.0':
    resolution: {integrity: sha512-MvOxW6X7w1jHH+KRJShvHMDhRZ+bpei2mAqQOFR5HY+2D6KFzaDVgtfGFwoiaX8Pm6oP6OQssQ3QnDtrywLRFw==}

  '@tsparticles/shape-image@3.5.0':
    resolution: {integrity: sha512-lWYg7DTv74dSOnXy+4dr7t1/OSuUmxDpIo12Lbxgx/QBN7A5I/HoqbKcs13TSA0RS1hcuMgtti07BcDTEYW3Dw==}

  '@tsparticles/shape-infinity@3.5.0':
    resolution: {integrity: sha512-ZoPEevj+gtresnRLi4qaoXsB4McIoXqRaqBE49qxkCTInalxaMxwxhZjSajCbkvbkqG0gHoaBhCC+L5uNAUWsQ==}

  '@tsparticles/shape-line@3.5.0':
    resolution: {integrity: sha512-Qc4jwFEi/VnwmGwQBO/kCJEfNYdKHpeXfrdcqmm9c1B4iYHHDoaXJp6asMTggEfeAWu7fyPaO/7MURiPEqg7Hg==}

  '@tsparticles/shape-path@3.5.0':
    resolution: {integrity: sha512-vpqAkpA68cTUGWHNGDX1bXhHcaME3eQCq/5oRekEPj00qSk9DwELxLQljtqN9MH7MDZ0XQ1/nawgptxuVI9zEg==}

  '@tsparticles/shape-polygon@3.5.0':
    resolution: {integrity: sha512-sqYL+YXpnq3nSWcOEGZaJ4Z7Cb7x8M0iORSLpPdNEIvwDKdPczYyQM95D8ep19Pv1CV5L0uRthV36wg7UpnJ9Q==}

  '@tsparticles/shape-rounded-polygon@3.5.0':
    resolution: {integrity: sha512-0Xmbv4j7PPvK4tdPl51COG7nwN4wMPKn1Gtqex7FF+t52VUkbufvsGjhU3xk0OKqJOEd/Be92Z3UiVkdUFiWog==}

  '@tsparticles/shape-rounded-rect@3.5.0':
    resolution: {integrity: sha512-7ok0rVO4wm19VPN9RJdDWgHFcgML7ON6McMqgcjK7ylWdPkeCplmQJTnt06Yl7W6kX2qfHv2z7buLm9X7orjbA==}

  '@tsparticles/shape-spiral@3.5.0':
    resolution: {integrity: sha512-klrEuDbcn3dIXBu1CtiDYIVSwuHFCmAdsUU45LRRcXMwvPeG2DX72MI09vJAEEl0Cm3rNuuF+PuLQanz+Ip+wQ==}

  '@tsparticles/shape-square@3.5.0':
    resolution: {integrity: sha512-rPHpA4Pzm1W5DIIow+lQS+VS7D2thSBQQbV9eHxb933Wh0/QC3me3w4vovuq7hdtVANhsUVO04n44Gc/2TgHkw==}

  '@tsparticles/shape-star@3.5.0':
    resolution: {integrity: sha512-EDEJc4MYv3UbOeA3wrZjuJVtZ08PdCzzBij3T/7Tp3HUCf/p9XnfHBd/CPR5Mo6X0xpGfrein8UQN9CjGLHwUA==}

  '@tsparticles/shape-text@3.5.0':
    resolution: {integrity: sha512-HRWC5X702r6Cy0QWnlWbG8BjVZ+TElDOYrwJj9hlpkjb/IVY3YExv9mU2E/nJJRPpejlkibhU6GJo7VoBNjm8Q==}

  '@tsparticles/simplex-noise@3.5.0':
    resolution: {integrity: sha512-HewuY6p0Y2IuzeXZYfNhyLG9D8BXc0ieSjyA3Yg4PqlE2T3Q1Yodk/VArPkF5QNcvoBoCb5+srgXcU4l5TlVow==}

  '@tsparticles/slim@3.5.0':
    resolution: {integrity: sha512-CKx3VtzsY0fs/dQc41PYtL3edm1z2sBROTgvz3adwqMyTWkQGnjLQhsM777Ebb6Yjf5Jxu4TzWOBc2HO7Cstkg==}

  '@tsparticles/updater-color@3.5.0':
    resolution: {integrity: sha512-TGGgiLixIg37sst2Fj9IV4XbdMwkT6PYanM7qEqyfmv4hJ/RHMQlCznEe6b7OhChQVBg5ov5EMl/BT4/fIWEYw==}

  '@tsparticles/updater-destroy@3.5.0':
    resolution: {integrity: sha512-+xUnL9m2rkszo+TIhmjqCXqiV9Ujq4A1aBpEvl8bwjhYCTJgiWcudEWQzkGa1gf24EIG8vdvAzy2dI9rt3PdYw==}

  '@tsparticles/updater-gradient@3.5.0':
    resolution: {integrity: sha512-mjzcn3IzDiw6qsqwFPeKUVLumlIQh2x+cKWvD9hzU7A5SqkDNnMFrI3r7UDbvt1krxwfgen0kUR97GxAA+l94w==}

  '@tsparticles/updater-life@3.5.0':
    resolution: {integrity: sha512-jlMEq16dwN+rZmW/UmLdqaCe4W0NFrVdmXkZV8QWYgu06a+Ucslz337nHYaP89/9rZWpNua/uq1JDjDzaVD5Jg==}

  '@tsparticles/updater-opacity@3.5.0':
    resolution: {integrity: sha512-T2YfqdIFV/f5VOg1JQsXu6/owdi9g9K2wrJlBfgteo+IboVp6Lcuo4PGAfilWVkWrTdp1Nz4mz39NrLHfOce2g==}

  '@tsparticles/updater-orbit@3.5.0':
    resolution: {integrity: sha512-E/WboRQWtj5fNhmYxIe7RFItMAKVB3+HnDkdGHtZ2W8fECv01e8BPlptwz+yW9tMrrXdNl86qCur8ZKYQpzeWA==}

  '@tsparticles/updater-out-modes@3.5.0':
    resolution: {integrity: sha512-y6NZe2OSk5SrYdaLwUIQnHICsNEDIdPPJHQ2nAWSvAuPJphlSKjUknc7OaGiFwle6l0OkhWoZZe1rV1ktbw/lA==}

  '@tsparticles/updater-roll@3.5.0':
    resolution: {integrity: sha512-K3NfBGqVIu2zyJv72oNPlYLMDQKmUXTaCvnxUjzBEJJCYRdx7KhZPQVjAsfVYLHd7m7D7/+wKlkXmdYYAd67bg==}

  '@tsparticles/updater-rotate@3.5.0':
    resolution: {integrity: sha512-j4qPHQd1eUmDoGnIJOsVswHLqtTof1je+b2GTOLB3WIoKmlyUpzQYjVc7PNfLMuCEUubwpZCfcd/vC80VZeWkg==}

  '@tsparticles/updater-size@3.5.0':
    resolution: {integrity: sha512-TnWlOChBsVZffT2uO0S4ALGSzxT6UAMIVlhGMGFgSeIlktKMqM+dxDGAPrYa1n8IS2dkVGisiXzsV0Ss6Ceu1A==}

  '@tsparticles/updater-stroke-color@3.5.0':
    resolution: {integrity: sha512-29X1zER+W9IBDv0nTD/jRXnu5rEU7uv7+W1N0B6leBipjAY24sg7Kub2SvXAaBKz6kHHWuCeccBOwIiiTpDqMA==}

  '@tsparticles/updater-tilt@3.5.0':
    resolution: {integrity: sha512-ovK6jH4fAmTav1kCC5Z1FW/pPjKxtK+X+w9BZJEddpS5cyBEdWD4FgvNgLnmZYpK0xad/nb+xxqeDkpSu/O51Q==}

  '@tsparticles/updater-twinkle@3.5.0':
    resolution: {integrity: sha512-6PbDS1YEP2eHX2fK0jKjHO7zPF5jDxaz4jc6qgjBZ2XCdlaxEd3UR27hDn6NHt39bAAv08ZypvnuRayebQTn1w==}

  '@tsparticles/updater-wobble@3.5.0':
    resolution: {integrity: sha512-fpN0XPvAf3dJ5UU++C+ETVDLurpnkzje02w865Ar4ubPBgGpMhowr6AbtFUe37Zl8rFUTYntBOSEoxqNYJAUgQ==}

  '@types/estree@1.0.6':
    resolution: {integrity: sha512-AYnb1nQyY49te+VRAVgmzfcgjYS91mY5P0TKUDCLEM+gNnA+3T6rWITXRLYCpahpqSQbN5cE+gHpnPyXjHWxcw==}

  '@types/lodash-es@4.17.12':
    resolution: {integrity: sha512-0NgftHUcV4v34VhXm8QBSftKVXtbkBG3ViCjs6+eJ5a6y6Mi/jiFGPc1sC7QK+9BFhWrURE3EOggmWaSxL9OzQ==}

  '@types/lodash@4.17.13':
    resolution: {integrity: sha512-lfx+dftrEZcdBPczf9d0Qv0x+j/rfNCMuC6OcfXmO8gkfeNAY88PgKUbvG56whcN23gc27yenwF6oJZXGFpYxg==}

  '@webcomponents/webcomponentsjs@2.8.0':
    resolution: {integrity: sha512-loGD63sacRzOzSJgQnB9ZAhaQGkN7wl2Zuw7tsphI5Isa0irijrRo6EnJii/GgjGefIFO8AIO7UivzRhFaEk9w==}

  can-use-dom@0.1.0:
    resolution: {integrity: sha512-ceOhN1DL7Y4O6M0j9ICgmTYziV89WMd96SvSl0REd8PMgrY0B/WBOPoed5S1KUmJqXgUXh8gzSe6E3ae27upsQ==}

  esbuild@0.21.5:
    resolution: {integrity: sha512-mg3OPMV4hXywwpoDxu3Qda5xCKQi+vCTZq8S9J/EpkhB2HzKXq4SNFZE3+NK93JYxc8VMSep+lOUSC/RVKaBqw==}
    engines: {node: '>=12'}
    hasBin: true

  fsevents@2.3.3:
    resolution: {integrity: sha512-5xoDfX+fL7faATnagmWPpbFtwh/R77WmMMqqHGS65C3vvB0YHrgF+B1YmZ3441tMj5n63k0212XNoJwzlhffQw==}
    engines: {node: ^8.16.0 || ^10.6.0 || >=11.0.0}
    os: [darwin]

  lodash-es@4.17.21:
    resolution: {integrity: sha512-mKnC+QJ9pWVzv+C4/U3rRsHapFfHvQFoFB92e52xeyGMcX6/OlIl78je1u8vePzYZSkkogMPJ2yjxxsb89cxyw==}

  lodash@4.17.21:
    resolution: {integrity: sha512-v2kDEe57lecTulaDIuNTPy3Ry4gLGJ6Z1O3vE1krgXZNrsQ+LFTGHVxVjcXPs17LhbZVGedAJv8XZ1tvj5FvSg==}

  modern-normalize@2.0.0:
    resolution: {integrity: sha512-CxBoEVKh5U4DH3XuNbc5ONLF6dQBc8dSc7pdZ1957FGbIO5JBqGqqchhET9dTexri8/pk9xBL6+5ceOtCIp1QA==}
    engines: {node: '>=6'}

  nanoid@3.3.7:
    resolution: {integrity: sha512-eSRppjcPIatRIMC1U6UngP8XFcz8MQWGQdt1MTBQ7NaAmvXDfvNxbvWV3x2y6CdEUciCSsDHDQZbhYaB8QEo2g==}
    engines: {node: ^10 || ^12 || ^13.7 || ^14 || >=15.0.1}
    hasBin: true

  picocolors@1.1.1:
    resolution: {integrity: sha512-xceH2snhtb5M9liqDsmEw56le376mTZkEX/jEb/RxNFyegNul7eNslCXP9FDj/Lcu0X8KEyMceP2ntpaHrDEVA==}

  postcss@8.4.47:
    resolution: {integrity: sha512-56rxCq7G/XfB4EkXq9Egn5GCqugWvDFjafDOThIdMBsI15iqPqR5r15TfSr1YPYeEI19YeaXMCbY6u88Y76GLQ==}
    engines: {node: ^10 || ^12 || >=14}

  resize-observer-polyfill@1.5.1:
    resolution: {integrity: sha512-LwZrotdHOo12nQuZlHEmtuXdqGoOD0OhaxopaNFxWzInpEgaLWoVuAMbTzixuosCx2nEG58ngzW3vxdWoxIgdg==}

  rollup@4.24.4:
    resolution: {integrity: sha512-vGorVWIsWfX3xbcyAS+I047kFKapHYivmkaT63Smj77XwvLSJos6M1xGqZnBPFQFBRZDOcG1QnYEIxAvTr/HjA==}
    engines: {node: '>=18.0.0', npm: '>=8.0.0'}
    hasBin: true

  simplebar-core@1.2.6:
    resolution: {integrity: sha512-H5NYU+O+uvqOH5VXw3+lgoc1vTI6jL8LOZJsw4xgRpV7uIPjRpmLPdz0TrouxwKHBhpVLzVIlyKhaRLelIThMw==}

  simplebar@6.2.7:
    resolution: {integrity: sha512-IdD6HwZLz4f83lG0yN5r/3Mts4qR+pKAc9IjVdtJ96Ow6IqSA+jG2PlniQ710XUygal/mOA774IgAvcoirUP4g==}

  source-map-js@1.2.1:
    resolution: {integrity: sha512-UXWMKhLOwVKb728IUtQPXxfYU+usdybtUrK/8uGE8CQMvrhOpwvzDBwj0QhSL7MQc7vIsISBG8VQ8+IDQxpfQA==}
    engines: {node: '>=0.10.0'}

  tsparticles@3.5.0:
    resolution: {integrity: sha512-WNZheIBVuDZvFO9wuRsGgoeDU8X01BJkdzIDcDXDjHY+JStufKH1uNXM1TFzGQp812czcHagXkxo8s5Kp7GTRQ==}

  vite@5.4.10:
    resolution: {integrity: sha512-1hvaPshuPUtxeQ0hsVH3Mud0ZanOLwVTneA1EgbAM5LhaZEqyPWGRQ7BtaMvUrTDeEaC8pxtj6a6jku3x4z6SQ==}
    engines: {node: ^18.0.0 || >=20.0.0}
    hasBin: true
    peerDependencies:
      '@types/node': ^18.0.0 || >=20.0.0
      less: '*'
      lightningcss: ^1.21.0
      sass: '*'
      sass-embedded: '*'
      stylus: '*'
      sugarss: '*'
      terser: ^5.4.0
    peerDependenciesMeta:
      '@types/node':
        optional: true
      less:
        optional: true
      lightningcss:
        optional: true
      sass:
        optional: true
      sass-embedded:
        optional: true
      stylus:
        optional: true
      sugarss:
        optional: true
      terser:
        optional: true

snapshots:

  '@esbuild/aix-ppc64@0.21.5':
    optional: true

  '@esbuild/android-arm64@0.21.5':
    optional: true

  '@esbuild/android-arm@0.21.5':
    optional: true

  '@esbuild/android-x64@0.21.5':
    optional: true

  '@esbuild/darwin-arm64@0.21.5':
    optional: true

  '@esbuild/darwin-x64@0.21.5':
    optional: true

  '@esbuild/freebsd-arm64@0.21.5':
    optional: true

  '@esbuild/freebsd-x64@0.21.5':
    optional: true

  '@esbuild/linux-arm64@0.21.5':
    optional: true

  '@esbuild/linux-arm@0.21.5':
    optional: true

  '@esbuild/linux-ia32@0.21.5':
    optional: true

  '@esbuild/linux-loong64@0.21.5':
    optional: true

  '@esbuild/linux-mips64el@0.21.5':
    optional: true

  '@esbuild/linux-ppc64@0.21.5':
    optional: true

  '@esbuild/linux-riscv64@0.21.5':
    optional: true

  '@esbuild/linux-s390x@0.21.5':
    optional: true

  '@esbuild/linux-x64@0.21.5':
    optional: true

  '@esbuild/netbsd-x64@0.21.5':
    optional: true

  '@esbuild/openbsd-x64@0.21.5':
    optional: true

  '@esbuild/sunos-x64@0.21.5':
    optional: true

  '@esbuild/win32-arm64@0.21.5':
    optional: true

  '@esbuild/win32-ia32@0.21.5':
    optional: true

  '@esbuild/win32-x64@0.21.5':
    optional: true

  '@rollup/rollup-android-arm-eabi@4.24.4':
    optional: true

  '@rollup/rollup-android-arm64@4.24.4':
    optional: true

  '@rollup/rollup-darwin-arm64@4.24.4':
    optional: true

  '@rollup/rollup-darwin-x64@4.24.4':
    optional: true

  '@rollup/rollup-freebsd-arm64@4.24.4':
    optional: true

  '@rollup/rollup-freebsd-x64@4.24.4':
    optional: true

  '@rollup/rollup-linux-arm-gnueabihf@4.24.4':
    optional: true

  '@rollup/rollup-linux-arm-musleabihf@4.24.4':
    optional: true

  '@rollup/rollup-linux-arm64-gnu@4.24.4':
    optional: true

  '@rollup/rollup-linux-arm64-musl@4.24.4':
    optional: true

  '@rollup/rollup-linux-powerpc64le-gnu@4.24.4':
    optional: true

  '@rollup/rollup-linux-riscv64-gnu@4.24.4':
    optional: true

  '@rollup/rollup-linux-s390x-gnu@4.24.4':
    optional: true

  '@rollup/rollup-linux-x64-gnu@4.24.4':
    optional: true

  '@rollup/rollup-linux-x64-musl@4.24.4':
    optional: true

  '@rollup/rollup-win32-arm64-msvc@4.24.4':
    optional: true

  '@rollup/rollup-win32-ia32-msvc@4.24.4':
    optional: true

  '@rollup/rollup-win32-x64-msvc@4.24.4':
    optional: true

  '@tsparticles/all@3.5.0':
    dependencies:
      '@tsparticles/effect-bubble': 3.5.0
      '@tsparticles/effect-trail': 3.5.0
      '@tsparticles/engine': 3.5.0
      '@tsparticles/interaction-external-particle': 3.5.0
      '@tsparticles/interaction-external-pop': 3.5.0
      '@tsparticles/interaction-light': 3.5.0
      '@tsparticles/interaction-particles-repulse': 3.5.0
      '@tsparticles/path-curl-noise': 3.5.0
      '@tsparticles/path-curves': 3.5.0
      '@tsparticles/path-perlin-noise': 3.5.0
      '@tsparticles/path-polygon': 3.5.0
      '@tsparticles/path-simplex-noise': 3.5.0
      '@tsparticles/path-svg': 3.5.0
      '@tsparticles/path-zig-zag': 3.5.0
      '@tsparticles/pjs': 3.5.0
      '@tsparticles/plugin-canvas-mask': 3.5.0
      '@tsparticles/plugin-easing-back': 3.5.0
      '@tsparticles/plugin-easing-circ': 3.5.0
      '@tsparticles/plugin-easing-cubic': 3.5.0
      '@tsparticles/plugin-easing-expo': 3.5.0
      '@tsparticles/plugin-easing-linear': 3.5.0
      '@tsparticles/plugin-easing-quart': 3.5.0
      '@tsparticles/plugin-easing-quint': 3.5.0
      '@tsparticles/plugin-easing-sine': 3.5.0
      '@tsparticles/plugin-emitters-shape-canvas': 3.5.0
      '@tsparticles/plugin-emitters-shape-path': 3.5.0
      '@tsparticles/plugin-emitters-shape-polygon': 3.5.0
      '@tsparticles/plugin-export-image': 3.5.0
      '@tsparticles/plugin-export-json': 3.5.0
      '@tsparticles/plugin-export-video': 3.5.0
      '@tsparticles/plugin-hsv-color': 3.5.0
      '@tsparticles/plugin-infection': 3.5.0
      '@tsparticles/plugin-motion': 3.5.0
      '@tsparticles/plugin-poisson-disc': 3.5.0
      '@tsparticles/plugin-polygon-mask': 3.5.0
      '@tsparticles/plugin-sounds': 3.5.0
      '@tsparticles/shape-arrow': 3.5.0
      '@tsparticles/shape-cards': 3.5.0
      '@tsparticles/shape-cog': 3.5.0
      '@tsparticles/shape-heart': 3.5.0
      '@tsparticles/shape-infinity': 3.5.0
      '@tsparticles/shape-path': 3.5.0
      '@tsparticles/shape-rounded-polygon': 3.5.0
      '@tsparticles/shape-rounded-rect': 3.5.0
      '@tsparticles/shape-spiral': 3.5.0
      '@tsparticles/updater-gradient': 3.5.0
      '@tsparticles/updater-orbit': 3.5.0
      tsparticles: 3.5.0

  '@tsparticles/basic@3.5.0':
    dependencies:
      '@tsparticles/engine': 3.5.0
      '@tsparticles/move-base': 3.5.0
      '@tsparticles/shape-circle': 3.5.0
      '@tsparticles/updater-color': 3.5.0
      '@tsparticles/updater-opacity': 3.5.0
      '@tsparticles/updater-out-modes': 3.5.0
      '@tsparticles/updater-size': 3.5.0

  '@tsparticles/effect-bubble@3.5.0':
    dependencies:
      '@tsparticles/engine': 3.5.0

  '@tsparticles/effect-trail@3.5.0':
    dependencies:
      '@tsparticles/engine': 3.5.0

  '@tsparticles/engine@3.5.0': {}

  '@tsparticles/interaction-external-attract@3.5.0':
    dependencies:
      '@tsparticles/engine': 3.5.0

  '@tsparticles/interaction-external-bounce@3.5.0':
    dependencies:
      '@tsparticles/engine': 3.5.0

  '@tsparticles/interaction-external-bubble@3.5.0':
    dependencies:
      '@tsparticles/engine': 3.5.0

  '@tsparticles/interaction-external-connect@3.5.0':
    dependencies:
      '@tsparticles/engine': 3.5.0

  '@tsparticles/interaction-external-grab@3.5.0':
    dependencies:
      '@tsparticles/engine': 3.5.0

  '@tsparticles/interaction-external-particle@3.5.0':
    dependencies:
      '@tsparticles/engine': 3.5.0

  '@tsparticles/interaction-external-pause@3.5.0':
    dependencies:
      '@tsparticles/engine': 3.5.0

  '@tsparticles/interaction-external-pop@3.5.0':
    dependencies:
      '@tsparticles/engine': 3.5.0

  '@tsparticles/interaction-external-push@3.5.0':
    dependencies:
      '@tsparticles/engine': 3.5.0

  '@tsparticles/interaction-external-remove@3.5.0':
    dependencies:
      '@tsparticles/engine': 3.5.0

  '@tsparticles/interaction-external-repulse@3.5.0':
    dependencies:
      '@tsparticles/engine': 3.5.0

  '@tsparticles/interaction-external-slow@3.5.0':
    dependencies:
      '@tsparticles/engine': 3.5.0

  '@tsparticles/interaction-external-trail@3.5.0':
    dependencies:
      '@tsparticles/engine': 3.5.0

  '@tsparticles/interaction-light@3.5.0':
    dependencies:
      '@tsparticles/engine': 3.5.0

  '@tsparticles/interaction-particles-attract@3.5.0':
    dependencies:
      '@tsparticles/engine': 3.5.0

  '@tsparticles/interaction-particles-collisions@3.5.0':
    dependencies:
      '@tsparticles/engine': 3.5.0

  '@tsparticles/interaction-particles-links@3.5.0':
    dependencies:
      '@tsparticles/engine': 3.5.0

  '@tsparticles/interaction-particles-repulse@3.5.0':
    dependencies:
      '@tsparticles/engine': 3.5.0

  '@tsparticles/move-base@3.5.0':
    dependencies:
      '@tsparticles/engine': 3.5.0

  '@tsparticles/move-parallax@3.5.0':
    dependencies:
      '@tsparticles/engine': 3.5.0

  '@tsparticles/path-curl-noise@3.5.0':
    dependencies:
      '@tsparticles/engine': 3.5.0
      '@tsparticles/simplex-noise': 3.5.0

  '@tsparticles/path-curves@3.5.0':
    dependencies:
      '@tsparticles/engine': 3.5.0

  '@tsparticles/path-perlin-noise@3.5.0':
    dependencies:
      '@tsparticles/engine': 3.5.0
      '@tsparticles/perlin-noise': 3.5.0

  '@tsparticles/path-polygon@3.5.0':
    dependencies:
      '@tsparticles/engine': 3.5.0

  '@tsparticles/path-simplex-noise@3.5.0':
    dependencies:
      '@tsparticles/engine': 3.5.0
      '@tsparticles/simplex-noise': 3.5.0

  '@tsparticles/path-svg@3.5.0':
    dependencies:
      '@tsparticles/engine': 3.5.0

  '@tsparticles/path-zig-zag@3.5.0':
    dependencies:
      '@tsparticles/engine': 3.5.0

  '@tsparticles/perlin-noise@3.5.0': {}

  '@tsparticles/pjs@3.5.0':
    dependencies:
      '@tsparticles/engine': 3.5.0

  '@tsparticles/plugin-absorbers@3.5.0':
    dependencies:
      '@tsparticles/engine': 3.5.0

  '@tsparticles/plugin-canvas-mask@3.5.0':
    dependencies:
      '@tsparticles/engine': 3.5.0

  '@tsparticles/plugin-easing-back@3.5.0':
    dependencies:
      '@tsparticles/engine': 3.5.0

  '@tsparticles/plugin-easing-circ@3.5.0':
    dependencies:
      '@tsparticles/engine': 3.5.0

  '@tsparticles/plugin-easing-cubic@3.5.0':
    dependencies:
      '@tsparticles/engine': 3.5.0

  '@tsparticles/plugin-easing-expo@3.5.0':
    dependencies:
      '@tsparticles/engine': 3.5.0

  '@tsparticles/plugin-easing-linear@3.5.0':
    dependencies:
      '@tsparticles/engine': 3.5.0

  '@tsparticles/plugin-easing-quad@3.5.0':
    dependencies:
      '@tsparticles/engine': 3.5.0

  '@tsparticles/plugin-easing-quart@3.5.0':
    dependencies:
      '@tsparticles/engine': 3.5.0

  '@tsparticles/plugin-easing-quint@3.5.0':
    dependencies:
      '@tsparticles/engine': 3.5.0

  '@tsparticles/plugin-easing-sine@3.5.0':
    dependencies:
      '@tsparticles/engine': 3.5.0

  '@tsparticles/plugin-emitters-shape-canvas@3.5.0':
    dependencies:
      '@tsparticles/engine': 3.5.0
      '@tsparticles/plugin-emitters': 3.5.0

  '@tsparticles/plugin-emitters-shape-circle@3.5.0':
    dependencies:
      '@tsparticles/engine': 3.5.0
      '@tsparticles/plugin-emitters': 3.5.0

  '@tsparticles/plugin-emitters-shape-path@3.5.0':
    dependencies:
      '@tsparticles/engine': 3.5.0
      '@tsparticles/plugin-emitters': 3.5.0

  '@tsparticles/plugin-emitters-shape-polygon@3.5.0':
    dependencies:
      '@tsparticles/engine': 3.5.0
      '@tsparticles/plugin-emitters': 3.5.0

  '@tsparticles/plugin-emitters-shape-square@3.5.0':
    dependencies:
      '@tsparticles/engine': 3.5.0
      '@tsparticles/plugin-emitters': 3.5.0

  '@tsparticles/plugin-emitters@3.5.0':
    dependencies:
      '@tsparticles/engine': 3.5.0

  '@tsparticles/plugin-export-image@3.5.0':
    dependencies:
      '@tsparticles/engine': 3.5.0

  '@tsparticles/plugin-export-json@3.5.0':
    dependencies:
      '@tsparticles/engine': 3.5.0

  '@tsparticles/plugin-export-video@3.5.0':
    dependencies:
      '@tsparticles/engine': 3.5.0

  '@tsparticles/plugin-hsv-color@3.5.0':
    dependencies:
      '@tsparticles/engine': 3.5.0

  '@tsparticles/plugin-infection@3.5.0':
    dependencies:
      '@tsparticles/engine': 3.5.0

  '@tsparticles/plugin-motion@3.5.0':
    dependencies:
      '@tsparticles/engine': 3.5.0

  '@tsparticles/plugin-poisson-disc@3.5.0':
    dependencies:
      '@tsparticles/engine': 3.5.0

  '@tsparticles/plugin-polygon-mask@3.5.0':
    dependencies:
      '@tsparticles/engine': 3.5.0

  '@tsparticles/plugin-sounds@3.5.0':
    dependencies:
      '@tsparticles/engine': 3.5.0

  '@tsparticles/shape-arrow@3.5.0':
    dependencies:
      '@tsparticles/engine': 3.5.0

  '@tsparticles/shape-cards@3.5.0':
    dependencies:
      '@tsparticles/engine': 3.5.0

  '@tsparticles/shape-circle@3.5.0':
    dependencies:
      '@tsparticles/engine': 3.5.0

  '@tsparticles/shape-cog@3.5.0':
    dependencies:
      '@tsparticles/engine': 3.5.0

  '@tsparticles/shape-emoji@3.5.0':
    dependencies:
      '@tsparticles/engine': 3.5.0

  '@tsparticles/shape-heart@3.5.0':
    dependencies:
      '@tsparticles/engine': 3.5.0

  '@tsparticles/shape-image@3.5.0':
    dependencies:
      '@tsparticles/engine': 3.5.0

  '@tsparticles/shape-infinity@3.5.0':
    dependencies:
      '@tsparticles/engine': 3.5.0

  '@tsparticles/shape-line@3.5.0':
    dependencies:
      '@tsparticles/engine': 3.5.0

  '@tsparticles/shape-path@3.5.0':
    dependencies:
      '@tsparticles/engine': 3.5.0

  '@tsparticles/shape-polygon@3.5.0':
    dependencies:
      '@tsparticles/engine': 3.5.0

  '@tsparticles/shape-rounded-polygon@3.5.0':
    dependencies:
      '@tsparticles/engine': 3.5.0

  '@tsparticles/shape-rounded-rect@3.5.0':
    dependencies:
      '@tsparticles/engine': 3.5.0

  '@tsparticles/shape-spiral@3.5.0':
    dependencies:
      '@tsparticles/engine': 3.5.0

  '@tsparticles/shape-square@3.5.0':
    dependencies:
      '@tsparticles/engine': 3.5.0

  '@tsparticles/shape-star@3.5.0':
    dependencies:
      '@tsparticles/engine': 3.5.0

  '@tsparticles/shape-text@3.5.0':
    dependencies:
      '@tsparticles/engine': 3.5.0

  '@tsparticles/simplex-noise@3.5.0': {}

  '@tsparticles/slim@3.5.0':
    dependencies:
      '@tsparticles/basic': 3.5.0
      '@tsparticles/engine': 3.5.0
      '@tsparticles/interaction-external-attract': 3.5.0
      '@tsparticles/interaction-external-bounce': 3.5.0
      '@tsparticles/interaction-external-bubble': 3.5.0
      '@tsparticles/interaction-external-connect': 3.5.0
      '@tsparticles/interaction-external-grab': 3.5.0
      '@tsparticles/interaction-external-pause': 3.5.0
      '@tsparticles/interaction-external-push': 3.5.0
      '@tsparticles/interaction-external-remove': 3.5.0
      '@tsparticles/interaction-external-repulse': 3.5.0
      '@tsparticles/interaction-external-slow': 3.5.0
      '@tsparticles/interaction-particles-attract': 3.5.0
      '@tsparticles/interaction-particles-collisions': 3.5.0
      '@tsparticles/interaction-particles-links': 3.5.0
      '@tsparticles/move-parallax': 3.5.0
      '@tsparticles/plugin-easing-quad': 3.5.0
      '@tsparticles/shape-emoji': 3.5.0
      '@tsparticles/shape-image': 3.5.0
      '@tsparticles/shape-line': 3.5.0
      '@tsparticles/shape-polygon': 3.5.0
      '@tsparticles/shape-square': 3.5.0
      '@tsparticles/shape-star': 3.5.0
      '@tsparticles/updater-life': 3.5.0
      '@tsparticles/updater-rotate': 3.5.0
      '@tsparticles/updater-stroke-color': 3.5.0

  '@tsparticles/updater-color@3.5.0':
    dependencies:
      '@tsparticles/engine': 3.5.0

  '@tsparticles/updater-destroy@3.5.0':
    dependencies:
      '@tsparticles/engine': 3.5.0

  '@tsparticles/updater-gradient@3.5.0':
    dependencies:
      '@tsparticles/engine': 3.5.0

  '@tsparticles/updater-life@3.5.0':
    dependencies:
      '@tsparticles/engine': 3.5.0

  '@tsparticles/updater-opacity@3.5.0':
    dependencies:
      '@tsparticles/engine': 3.5.0

  '@tsparticles/updater-orbit@3.5.0':
    dependencies:
      '@tsparticles/engine': 3.5.0

  '@tsparticles/updater-out-modes@3.5.0':
    dependencies:
      '@tsparticles/engine': 3.5.0

  '@tsparticles/updater-roll@3.5.0':
    dependencies:
      '@tsparticles/engine': 3.5.0

  '@tsparticles/updater-rotate@3.5.0':
    dependencies:
      '@tsparticles/engine': 3.5.0

  '@tsparticles/updater-size@3.5.0':
    dependencies:
      '@tsparticles/engine': 3.5.0

  '@tsparticles/updater-stroke-color@3.5.0':
    dependencies:
      '@tsparticles/engine': 3.5.0

  '@tsparticles/updater-tilt@3.5.0':
    dependencies:
      '@tsparticles/engine': 3.5.0

  '@tsparticles/updater-twinkle@3.5.0':
    dependencies:
      '@tsparticles/engine': 3.5.0

  '@tsparticles/updater-wobble@3.5.0':
    dependencies:
      '@tsparticles/engine': 3.5.0

  '@types/estree@1.0.6': {}

  '@types/lodash-es@4.17.12':
    dependencies:
      '@types/lodash': 4.17.13

  '@types/lodash@4.17.13': {}

  '@webcomponents/webcomponentsjs@2.8.0': {}

  can-use-dom@0.1.0: {}

  esbuild@0.21.5:
    optionalDependencies:
      '@esbuild/aix-ppc64': 0.21.5
      '@esbuild/android-arm': 0.21.5
      '@esbuild/android-arm64': 0.21.5
      '@esbuild/android-x64': 0.21.5
      '@esbuild/darwin-arm64': 0.21.5
      '@esbuild/darwin-x64': 0.21.5
      '@esbuild/freebsd-arm64': 0.21.5
      '@esbuild/freebsd-x64': 0.21.5
      '@esbuild/linux-arm': 0.21.5
      '@esbuild/linux-arm64': 0.21.5
      '@esbuild/linux-ia32': 0.21.5
      '@esbuild/linux-loong64': 0.21.5
      '@esbuild/linux-mips64el': 0.21.5
      '@esbuild/linux-ppc64': 0.21.5
      '@esbuild/linux-riscv64': 0.21.5
      '@esbuild/linux-s390x': 0.21.5
      '@esbuild/linux-x64': 0.21.5
      '@esbuild/netbsd-x64': 0.21.5
      '@esbuild/openbsd-x64': 0.21.5
      '@esbuild/sunos-x64': 0.21.5
      '@esbuild/win32-arm64': 0.21.5
      '@esbuild/win32-ia32': 0.21.5
      '@esbuild/win32-x64': 0.21.5

  fsevents@2.3.3:
    optional: true

  lodash-es@4.17.21: {}

  lodash@4.17.21: {}

  modern-normalize@2.0.0: {}

  nanoid@3.3.7: {}

  picocolors@1.1.1: {}

  postcss@8.4.47:
    dependencies:
      nanoid: 3.3.7
      picocolors: 1.1.1
      source-map-js: 1.2.1

  resize-observer-polyfill@1.5.1: {}

  rollup@4.24.4:
    dependencies:
      '@types/estree': 1.0.6
    optionalDependencies:
      '@rollup/rollup-android-arm-eabi': 4.24.4
      '@rollup/rollup-android-arm64': 4.24.4
      '@rollup/rollup-darwin-arm64': 4.24.4
      '@rollup/rollup-darwin-x64': 4.24.4
      '@rollup/rollup-freebsd-arm64': 4.24.4
      '@rollup/rollup-freebsd-x64': 4.24.4
      '@rollup/rollup-linux-arm-gnueabihf': 4.24.4
      '@rollup/rollup-linux-arm-musleabihf': 4.24.4
      '@rollup/rollup-linux-arm64-gnu': 4.24.4
      '@rollup/rollup-linux-arm64-musl': 4.24.4
      '@rollup/rollup-linux-powerpc64le-gnu': 4.24.4
      '@rollup/rollup-linux-riscv64-gnu': 4.24.4
      '@rollup/rollup-linux-s390x-gnu': 4.24.4
      '@rollup/rollup-linux-x64-gnu': 4.24.4
      '@rollup/rollup-linux-x64-musl': 4.24.4
      '@rollup/rollup-win32-arm64-msvc': 4.24.4
      '@rollup/rollup-win32-ia32-msvc': 4.24.4
      '@rollup/rollup-win32-x64-msvc': 4.24.4
      fsevents: 2.3.3

  simplebar-core@1.2.6:
    dependencies:
      '@types/lodash-es': 4.17.12
      lodash: 4.17.21
      lodash-es: 4.17.21

  simplebar@6.2.7:
    dependencies:
      can-use-dom: 0.1.0
      simplebar-core: 1.2.6

  source-map-js@1.2.1: {}

  tsparticles@3.5.0:
    dependencies:
      '@tsparticles/engine': 3.5.0
      '@tsparticles/interaction-external-trail': 3.5.0
      '@tsparticles/plugin-absorbers': 3.5.0
      '@tsparticles/plugin-emitters': 3.5.0
      '@tsparticles/plugin-emitters-shape-circle': 3.5.0
      '@tsparticles/plugin-emitters-shape-square': 3.5.0
      '@tsparticles/shape-text': 3.5.0
      '@tsparticles/slim': 3.5.0
      '@tsparticles/updater-destroy': 3.5.0
      '@tsparticles/updater-roll': 3.5.0
      '@tsparticles/updater-tilt': 3.5.0
      '@tsparticles/updater-twinkle': 3.5.0
      '@tsparticles/updater-wobble': 3.5.0

  vite@5.4.10:
    dependencies:
      esbuild: 0.21.5
      postcss: 8.4.47
      rollup: 4.24.4
    optionalDependencies:
      fsevents: 2.3.3
